// !$*UTF8*$!
{
	archiveVersion = 1;
	classes = {
	};
	objectVersion = 46;
	objects = {

/* Begin PBXBuildFile section */
		8C4798CC1380E5A000B04E27 /* QuartzCore.framework in Frameworks */ = {isa = PBXBuildFile; fileRef = 8C4798CB1380E5A000B04E27 /* QuartzCore.framework */; };
		8C4798CE1380E5A000B04E27 /* OpenGLES.framework in Frameworks */ = {isa = PBXBuildFile; fileRef = 8C4798CD1380E5A000B04E27 /* OpenGLES.framework */; };
		8C4798D01380E5A000B04E27 /* OpenAL.framework in Frameworks */ = {isa = PBXBuildFile; fileRef = 8C4798CF1380E5A000B04E27 /* OpenAL.framework */; };
		8C4798D21380E5A000B04E27 /* AudioToolbox.framework in Frameworks */ = {isa = PBXBuildFile; fileRef = 8C4798D11380E5A000B04E27 /* AudioToolbox.framework */; };
		8C4798D41380E5A000B04E27 /* AVFoundation.framework in Frameworks */ = {isa = PBXBuildFile; fileRef = 8C4798D31380E5A000B04E27 /* AVFoundation.framework */; };
		8C4798D61380E5A000B04E27 /* UIKit.framework in Frameworks */ = {isa = PBXBuildFile; fileRef = 8C4798D51380E5A000B04E27 /* UIKit.framework */; };
		8C4798D81380E5A000B04E27 /* Foundation.framework in Frameworks */ = {isa = PBXBuildFile; fileRef = 8C4798D71380E5A000B04E27 /* Foundation.framework */; };
		8C4798DA1380E5A000B04E27 /* CoreGraphics.framework in Frameworks */ = {isa = PBXBuildFile; fileRef = 8C4798D91380E5A000B04E27 /* CoreGraphics.framework */; };
		8C4798DE1380E5A000B04E27 /* Default.png in Resources */ = {isa = PBXBuildFile; fileRef = 8C4798DD1380E5A000B04E27 /* Default.png */; };
		8C4798E01380E5A000B04E27 /* fps_images.png in Resources */ = {isa = PBXBuildFile; fileRef = 8C4798DF1380E5A000B04E27 /* fps_images.png */; };
		8C4798E21380E5A000B04E27 /* Icon-72.png in Resources */ = {isa = PBXBuildFile; fileRef = 8C4798E11380E5A000B04E27 /* Icon-72.png */; };
		8C4798E41380E5A100B04E27 /* Icon-Small-50.png in Resources */ = {isa = PBXBuildFile; fileRef = 8C4798E31380E5A100B04E27 /* Icon-Small-50.png */; };
		8C4798E61380E5A100B04E27 /* Icon-Small.png in Resources */ = {isa = PBXBuildFile; fileRef = 8C4798E51380E5A100B04E27 /* Icon-Small.png */; };
		8C4798E81380E5A100B04E27 /* Icon-Small@2x.png in Resources */ = {isa = PBXBuildFile; fileRef = 8C4798E71380E5A100B04E27 /* Icon-Small@2x.png */; };
		8C4798EA1380E5A100B04E27 /* Icon.png in Resources */ = {isa = PBXBuildFile; fileRef = 8C4798E91380E5A100B04E27 /* Icon.png */; };
		8C4798EC1380E5A100B04E27 /* Icon@2x.png in Resources */ = {isa = PBXBuildFile; fileRef = 8C4798EB1380E5A100B04E27 /* Icon@2x.png */; };
		8C4798EF1380E5A100B04E27 /* iTunesArtwork in Resources */ = {isa = PBXBuildFile; fileRef = 8C4798EE1380E5A100B04E27 /* iTunesArtwork */; };
		8C4798F41380E5A100B04E27 /* CCAction.m in Sources */ = {isa = PBXBuildFile; fileRef = 8C4798F31380E5A100B04E27 /* CCAction.m */; };
		8C4798F71380E5A100B04E27 /* CCActionCamera.m in Sources */ = {isa = PBXBuildFile; fileRef = 8C4798F61380E5A100B04E27 /* CCActionCamera.m */; };
		8C4798FA1380E5A100B04E27 /* CCActionEase.m in Sources */ = {isa = PBXBuildFile; fileRef = 8C4798F91380E5A100B04E27 /* CCActionEase.m */; };
		8C4798FD1380E5A100B04E27 /* CCActionGrid.m in Sources */ = {isa = PBXBuildFile; fileRef = 8C4798FC1380E5A100B04E27 /* CCActionGrid.m */; };
		8C4799001380E5A100B04E27 /* CCActionGrid3D.m in Sources */ = {isa = PBXBuildFile; fileRef = 8C4798FF1380E5A100B04E27 /* CCActionGrid3D.m */; };
		8C4799031380E5A100B04E27 /* CCActionInstant.m in Sources */ = {isa = PBXBuildFile; fileRef = 8C4799021380E5A100B04E27 /* CCActionInstant.m */; };
		8C4799061380E5A100B04E27 /* CCActionInterval.m in Sources */ = {isa = PBXBuildFile; fileRef = 8C4799051380E5A100B04E27 /* CCActionInterval.m */; };
		8C4799091380E5A100B04E27 /* CCActionManager.m in Sources */ = {isa = PBXBuildFile; fileRef = 8C4799081380E5A100B04E27 /* CCActionManager.m */; };
		8C47990C1380E5A100B04E27 /* CCActionPageTurn3D.m in Sources */ = {isa = PBXBuildFile; fileRef = 8C47990B1380E5A100B04E27 /* CCActionPageTurn3D.m */; };
		8C47990F1380E5A100B04E27 /* CCActionProgressTimer.m in Sources */ = {isa = PBXBuildFile; fileRef = 8C47990E1380E5A100B04E27 /* CCActionProgressTimer.m */; };
		8C4799121380E5A100B04E27 /* CCActionTiledGrid.m in Sources */ = {isa = PBXBuildFile; fileRef = 8C4799111380E5A100B04E27 /* CCActionTiledGrid.m */; };
		8C4799151380E5A100B04E27 /* CCActionTween.m in Sources */ = {isa = PBXBuildFile; fileRef = 8C4799141380E5A100B04E27 /* CCActionTween.m */; };
		8C4799181380E5A100B04E27 /* CCAnimation.m in Sources */ = {isa = PBXBuildFile; fileRef = 8C4799171380E5A100B04E27 /* CCAnimation.m */; };
		8C47991B1380E5A100B04E27 /* CCAnimationCache.m in Sources */ = {isa = PBXBuildFile; fileRef = 8C47991A1380E5A100B04E27 /* CCAnimationCache.m */; };
		8C47991E1380E5A100B04E27 /* CCAtlasNode.m in Sources */ = {isa = PBXBuildFile; fileRef = 8C47991D1380E5A100B04E27 /* CCAtlasNode.m */; };
		8C4799211380E5A100B04E27 /* CCBlockSupport.m in Sources */ = {isa = PBXBuildFile; fileRef = 8C4799201380E5A100B04E27 /* CCBlockSupport.m */; };
		8C4799241380E5A100B04E27 /* CCCamera.m in Sources */ = {isa = PBXBuildFile; fileRef = 8C4799231380E5A100B04E27 /* CCCamera.m */; };
		8C4799281380E5A100B04E27 /* CCConfiguration.m in Sources */ = {isa = PBXBuildFile; fileRef = 8C4799271380E5A100B04E27 /* CCConfiguration.m */; };
		8C47992B1380E5A100B04E27 /* CCDirector.m in Sources */ = {isa = PBXBuildFile; fileRef = 8C47992A1380E5A100B04E27 /* CCDirector.m */; };
		8C47992E1380E5A100B04E27 /* CCDrawingPrimitives.m in Sources */ = {isa = PBXBuildFile; fileRef = 8C47992D1380E5A100B04E27 /* CCDrawingPrimitives.m */; };
		8C4799311380E5A100B04E27 /* CCGrabber.m in Sources */ = {isa = PBXBuildFile; fileRef = 8C4799301380E5A100B04E27 /* CCGrabber.m */; };
		8C4799341380E5A100B04E27 /* CCGrid.m in Sources */ = {isa = PBXBuildFile; fileRef = 8C4799331380E5A100B04E27 /* CCGrid.m */; };
		8C4799371380E5A100B04E27 /* CCLabelAtlas.m in Sources */ = {isa = PBXBuildFile; fileRef = 8C4799361380E5A100B04E27 /* CCLabelAtlas.m */; };
		8C47993A1380E5A100B04E27 /* CCLabelBMFont.m in Sources */ = {isa = PBXBuildFile; fileRef = 8C4799391380E5A100B04E27 /* CCLabelBMFont.m */; };
		8C47993D1380E5A100B04E27 /* CCLabelTTF.m in Sources */ = {isa = PBXBuildFile; fileRef = 8C47993C1380E5A100B04E27 /* CCLabelTTF.m */; };
		8C4799401380E5A100B04E27 /* CCLayer.m in Sources */ = {isa = PBXBuildFile; fileRef = 8C47993F1380E5A100B04E27 /* CCLayer.m */; };
		8C4799441380E5A100B04E27 /* CCMenu.m in Sources */ = {isa = PBXBuildFile; fileRef = 8C4799431380E5A100B04E27 /* CCMenu.m */; };
		8C4799471380E5A100B04E27 /* CCMenuItem.m in Sources */ = {isa = PBXBuildFile; fileRef = 8C4799461380E5A100B04E27 /* CCMenuItem.m */; };
		8C47994A1380E5A100B04E27 /* CCMotionStreak.m in Sources */ = {isa = PBXBuildFile; fileRef = 8C4799491380E5A100B04E27 /* CCMotionStreak.m */; };
		8C47994D1380E5A100B04E27 /* CCNode.m in Sources */ = {isa = PBXBuildFile; fileRef = 8C47994C1380E5A100B04E27 /* CCNode.m */; };
		8C4799501380E5A100B04E27 /* CCParallaxNode.m in Sources */ = {isa = PBXBuildFile; fileRef = 8C47994F1380E5A100B04E27 /* CCParallaxNode.m */; };
		8C4799531380E5A100B04E27 /* CCParticleExamples.m in Sources */ = {isa = PBXBuildFile; fileRef = 8C4799521380E5A100B04E27 /* CCParticleExamples.m */; };
		8C4799561380E5A100B04E27 /* CCParticleSystem.m in Sources */ = {isa = PBXBuildFile; fileRef = 8C4799551380E5A100B04E27 /* CCParticleSystem.m */; };
		8C4799591380E5A100B04E27 /* CCParticleSystemPoint.m in Sources */ = {isa = PBXBuildFile; fileRef = 8C4799581380E5A100B04E27 /* CCParticleSystemPoint.m */; };
		8C47995C1380E5A100B04E27 /* CCParticleSystemQuad.m in Sources */ = {isa = PBXBuildFile; fileRef = 8C47995B1380E5A100B04E27 /* CCParticleSystemQuad.m */; };
		8C47995F1380E5A100B04E27 /* CCProgressTimer.m in Sources */ = {isa = PBXBuildFile; fileRef = 8C47995E1380E5A100B04E27 /* CCProgressTimer.m */; };
		8C4799631380E5A100B04E27 /* CCRenderTexture.m in Sources */ = {isa = PBXBuildFile; fileRef = 8C4799621380E5A100B04E27 /* CCRenderTexture.m */; };
		8C4799661380E5A200B04E27 /* CCRibbon.m in Sources */ = {isa = PBXBuildFile; fileRef = 8C4799651380E5A200B04E27 /* CCRibbon.m */; };
		8C4799691380E5A200B04E27 /* CCScene.m in Sources */ = {isa = PBXBuildFile; fileRef = 8C4799681380E5A200B04E27 /* CCScene.m */; };
		8C47996C1380E5A200B04E27 /* CCScheduler.m in Sources */ = {isa = PBXBuildFile; fileRef = 8C47996B1380E5A200B04E27 /* CCScheduler.m */; };
		8C47996F1380E5A200B04E27 /* CCSprite.m in Sources */ = {isa = PBXBuildFile; fileRef = 8C47996E1380E5A200B04E27 /* CCSprite.m */; };
		8C4799721380E5A200B04E27 /* CCSpriteBatchNode.m in Sources */ = {isa = PBXBuildFile; fileRef = 8C4799711380E5A200B04E27 /* CCSpriteBatchNode.m */; };
		8C4799751380E5A200B04E27 /* CCSpriteFrame.m in Sources */ = {isa = PBXBuildFile; fileRef = 8C4799741380E5A200B04E27 /* CCSpriteFrame.m */; };
		8C4799781380E5A200B04E27 /* CCSpriteFrameCache.m in Sources */ = {isa = PBXBuildFile; fileRef = 8C4799771380E5A200B04E27 /* CCSpriteFrameCache.m */; };
		8C47997B1380E5A200B04E27 /* CCTexture2D.m in Sources */ = {isa = PBXBuildFile; fileRef = 8C47997A1380E5A200B04E27 /* CCTexture2D.m */; };
		8C47997E1380E5A200B04E27 /* CCTextureAtlas.m in Sources */ = {isa = PBXBuildFile; fileRef = 8C47997D1380E5A200B04E27 /* CCTextureAtlas.m */; };
		8C4799811380E5A200B04E27 /* CCTextureCache.m in Sources */ = {isa = PBXBuildFile; fileRef = 8C4799801380E5A200B04E27 /* CCTextureCache.m */; };
		8C4799841380E5A200B04E27 /* CCTexturePVR.m in Sources */ = {isa = PBXBuildFile; fileRef = 8C4799831380E5A200B04E27 /* CCTexturePVR.m */; };
		8C4799871380E5A200B04E27 /* CCTileMapAtlas.m in Sources */ = {isa = PBXBuildFile; fileRef = 8C4799861380E5A200B04E27 /* CCTileMapAtlas.m */; };
		8C47998A1380E5A200B04E27 /* CCTMXLayer.m in Sources */ = {isa = PBXBuildFile; fileRef = 8C4799891380E5A200B04E27 /* CCTMXLayer.m */; };
		8C47998D1380E5A200B04E27 /* CCTMXObjectGroup.m in Sources */ = {isa = PBXBuildFile; fileRef = 8C47998C1380E5A200B04E27 /* CCTMXObjectGroup.m */; };
		8C4799901380E5A200B04E27 /* CCTMXTiledMap.m in Sources */ = {isa = PBXBuildFile; fileRef = 8C47998F1380E5A200B04E27 /* CCTMXTiledMap.m */; };
		8C4799931380E5A200B04E27 /* CCTMXXMLParser.m in Sources */ = {isa = PBXBuildFile; fileRef = 8C4799921380E5A200B04E27 /* CCTMXXMLParser.m */; };
		8C4799961380E5A200B04E27 /* CCTransition.m in Sources */ = {isa = PBXBuildFile; fileRef = 8C4799951380E5A200B04E27 /* CCTransition.m */; };
		8C4799991380E5A200B04E27 /* CCTransitionPageTurn.m in Sources */ = {isa = PBXBuildFile; fileRef = 8C4799981380E5A200B04E27 /* CCTransitionPageTurn.m */; };
		8C47999C1380E5A200B04E27 /* CCTransitionRadial.m in Sources */ = {isa = PBXBuildFile; fileRef = 8C47999B1380E5A200B04E27 /* CCTransitionRadial.m */; };
		8C4799A01380E5A200B04E27 /* cocos2d.m in Sources */ = {isa = PBXBuildFile; fileRef = 8C47999F1380E5A200B04E27 /* cocos2d.m */; };
		8C4799A71380E5A200B04E27 /* CCDirectorIOS.m in Sources */ = {isa = PBXBuildFile; fileRef = 8C4799A61380E5A200B04E27 /* CCDirectorIOS.m */; };
		8C4799AB1380E5A200B04E27 /* CCTouchDispatcher.m in Sources */ = {isa = PBXBuildFile; fileRef = 8C4799AA1380E5A200B04E27 /* CCTouchDispatcher.m */; };
		8C4799AE1380E5A200B04E27 /* CCTouchHandler.m in Sources */ = {isa = PBXBuildFile; fileRef = 8C4799AD1380E5A200B04E27 /* CCTouchHandler.m */; };
		8C4799B11380E5A200B04E27 /* EAGLView.m in Sources */ = {isa = PBXBuildFile; fileRef = 8C4799B01380E5A200B04E27 /* EAGLView.m */; };
		8C4799B41380E5A200B04E27 /* ES1Renderer.m in Sources */ = {isa = PBXBuildFile; fileRef = 8C4799B31380E5A200B04E27 /* ES1Renderer.m */; };
		8C4799B71380E5A200B04E27 /* glu.c in Sources */ = {isa = PBXBuildFile; fileRef = 8C4799B61380E5A200B04E27 /* glu.c */; };
		8C4799BC1380E5A200B04E27 /* CCDirectorMac.m in Sources */ = {isa = PBXBuildFile; fileRef = 8C4799BB1380E5A200B04E27 /* CCDirectorMac.m */; };
		8C4799BF1380E5A200B04E27 /* CCEventDispatcher.m in Sources */ = {isa = PBXBuildFile; fileRef = 8C4799BE1380E5A200B04E27 /* CCEventDispatcher.m */; };
		8C4799C21380E5A200B04E27 /* MacGLView.m in Sources */ = {isa = PBXBuildFile; fileRef = 8C4799C11380E5A200B04E27 /* MacGLView.m */; };
		8C4799C51380E5A200B04E27 /* MacWindow.m in Sources */ = {isa = PBXBuildFile; fileRef = 8C4799C41380E5A200B04E27 /* MacWindow.m */; };
		8C4799C81380E5A200B04E27 /* base64.c in Sources */ = {isa = PBXBuildFile; fileRef = 8C4799C71380E5A200B04E27 /* base64.c */; };
		8C4799CC1380E5A200B04E27 /* CCArray.m in Sources */ = {isa = PBXBuildFile; fileRef = 8C4799CB1380E5A200B04E27 /* CCArray.m */; };
		8C4799D01380E5A200B04E27 /* CCFileUtils.m in Sources */ = {isa = PBXBuildFile; fileRef = 8C4799CF1380E5A200B04E27 /* CCFileUtils.m */; };
		8C4799D31380E5A200B04E27 /* CCProfiling.m in Sources */ = {isa = PBXBuildFile; fileRef = 8C4799D21380E5A200B04E27 /* CCProfiling.m */; };
		8C4799D51380E5A200B04E27 /* ccUtils.c in Sources */ = {isa = PBXBuildFile; fileRef = 8C4799D41380E5A200B04E27 /* ccUtils.c */; };
		8C4799D91380E5A200B04E27 /* CGPointExtension.m in Sources */ = {isa = PBXBuildFile; fileRef = 8C4799D81380E5A200B04E27 /* CGPointExtension.m */; };
		8C4799DD1380E5A200B04E27 /* TGAlib.m in Sources */ = {isa = PBXBuildFile; fileRef = 8C4799DC1380E5A200B04E27 /* TGAlib.m */; };
		8C4799E01380E5A200B04E27 /* TransformUtils.m in Sources */ = {isa = PBXBuildFile; fileRef = 8C4799DF1380E5A200B04E27 /* TransformUtils.m */; };
		8C4799E51380E5A300B04E27 /* ZipUtils.m in Sources */ = {isa = PBXBuildFile; fileRef = 8C4799E41380E5A300B04E27 /* ZipUtils.m */; };
		8C4799EA1380E5A300B04E27 /* CDAudioManager.m in Sources */ = {isa = PBXBuildFile; fileRef = 8C4799E91380E5A300B04E27 /* CDAudioManager.m */; };
		8C4799EE1380E5A300B04E27 /* CDOpenALSupport.m in Sources */ = {isa = PBXBuildFile; fileRef = 8C4799ED1380E5A300B04E27 /* CDOpenALSupport.m */; };
		8C4799F11380E5A300B04E27 /* CocosDenshion.m in Sources */ = {isa = PBXBuildFile; fileRef = 8C4799F01380E5A300B04E27 /* CocosDenshion.m */; };
		8C4799F41380E5A300B04E27 /* SimpleAudioEngine.m in Sources */ = {isa = PBXBuildFile; fileRef = 8C4799F31380E5A300B04E27 /* SimpleAudioEngine.m */; };
		8C4799F91380E5A300B04E27 /* CLScoreServerPost.m in Sources */ = {isa = PBXBuildFile; fileRef = 8C4799F81380E5A300B04E27 /* CLScoreServerPost.m */; };
		8C4799FC1380E5A300B04E27 /* CLScoreServerRequest.m in Sources */ = {isa = PBXBuildFile; fileRef = 8C4799FB1380E5A300B04E27 /* CLScoreServerRequest.m */; };
		8C4799FF1380E5A300B04E27 /* cocoslive.m in Sources */ = {isa = PBXBuildFile; fileRef = 8C4799FE1380E5A300B04E27 /* cocoslive.m */; };
		8C479A041380E5A300B04E27 /* CDataScanner.m in Sources */ = {isa = PBXBuildFile; fileRef = 8C479A031380E5A300B04E27 /* CDataScanner.m */; };
		8C479A081380E5A300B04E27 /* CDataScanner_Extensions.m in Sources */ = {isa = PBXBuildFile; fileRef = 8C479A071380E5A300B04E27 /* CDataScanner_Extensions.m */; };
		8C479A0B1380E5A300B04E27 /* NSDictionary_JSONExtensions.m in Sources */ = {isa = PBXBuildFile; fileRef = 8C479A0A1380E5A300B04E27 /* NSDictionary_JSONExtensions.m */; };
		8C479A0F1380E5A300B04E27 /* CJSONDeserializer.m in Sources */ = {isa = PBXBuildFile; fileRef = 8C479A0E1380E5A300B04E27 /* CJSONDeserializer.m */; };
		8C479A121380E5A300B04E27 /* CJSONScanner.m in Sources */ = {isa = PBXBuildFile; fileRef = 8C479A111380E5A300B04E27 /* CJSONScanner.m */; };
		8C479A151380E5A300B04E27 /* CJSONSerializer.m in Sources */ = {isa = PBXBuildFile; fileRef = 8C479A141380E5A300B04E27 /* CJSONSerializer.m */; };
		8C479A1A1380E5A300B04E27 /* FontLabel.m in Sources */ = {isa = PBXBuildFile; fileRef = 8C479A191380E5A300B04E27 /* FontLabel.m */; };
		8C479A1D1380E5A300B04E27 /* FontLabelStringDrawing.m in Sources */ = {isa = PBXBuildFile; fileRef = 8C479A1C1380E5A300B04E27 /* FontLabelStringDrawing.m */; };
		8C479A201380E5A300B04E27 /* FontManager.m in Sources */ = {isa = PBXBuildFile; fileRef = 8C479A1F1380E5A300B04E27 /* FontManager.m */; };
		8C479A231380E5A300B04E27 /* ZAttributedString.m in Sources */ = {isa = PBXBuildFile; fileRef = 8C479A221380E5A300B04E27 /* ZAttributedString.m */; };
		8C479A271380E5A300B04E27 /* ZFont.m in Sources */ = {isa = PBXBuildFile; fileRef = 8C479A261380E5A300B04E27 /* ZFont.m */; };
		8C479A2C1380E5A300B04E27 /* main.m in Sources */ = {isa = PBXBuildFile; fileRef = 8C479A2B1380E5A300B04E27 /* main.m */; };
		8C479A2F1380E5A300B04E27 /* AppDelegate.m in Sources */ = {isa = PBXBuildFile; fileRef = 8C479A2E1380E5A300B04E27 /* AppDelegate.m */; };
		8C479A321380E5A300B04E27 /* RootViewController.m in Sources */ = {isa = PBXBuildFile; fileRef = 8C479A311380E5A300B04E27 /* RootViewController.m */; };
		8C479A351380E5A300B04E27 /* HelloWorldLayer.m in Sources */ = {isa = PBXBuildFile; fileRef = 8C479A341380E5A300B04E27 /* HelloWorldLayer.m */; };
/* End PBXBuildFile section */

/* Begin PBXFileReference section */
		8C4798C71380E5A000B04E27 /* CocosDD.app */ = {isa = PBXFileReference; explicitFileType = wrapper.application; includeInIndex = 0; path = CocosDD.app; sourceTree = BUILT_PRODUCTS_DIR; };
		8C4798CB1380E5A000B04E27 /* QuartzCore.framework */ = {isa = PBXFileReference; lastKnownFileType = wrapper.framework; name = QuartzCore.framework; path = System/Library/Frameworks/QuartzCore.framework; sourceTree = SDKROOT; };
		8C4798CD1380E5A000B04E27 /* OpenGLES.framework */ = {isa = PBXFileReference; lastKnownFileType = wrapper.framework; name = OpenGLES.framework; path = System/Library/Frameworks/OpenGLES.framework; sourceTree = SDKROOT; };
		8C4798CF1380E5A000B04E27 /* OpenAL.framework */ = {isa = PBXFileReference; lastKnownFileType = wrapper.framework; name = OpenAL.framework; path = System/Library/Frameworks/OpenAL.framework; sourceTree = SDKROOT; };
		8C4798D11380E5A000B04E27 /* AudioToolbox.framework */ = {isa = PBXFileReference; lastKnownFileType = wrapper.framework; name = AudioToolbox.framework; path = System/Library/Frameworks/AudioToolbox.framework; sourceTree = SDKROOT; };
		8C4798D31380E5A000B04E27 /* AVFoundation.framework */ = {isa = PBXFileReference; lastKnownFileType = wrapper.framework; name = AVFoundation.framework; path = System/Library/Frameworks/AVFoundation.framework; sourceTree = SDKROOT; };
		8C4798D51380E5A000B04E27 /* UIKit.framework */ = {isa = PBXFileReference; lastKnownFileType = wrapper.framework; name = UIKit.framework; path = System/Library/Frameworks/UIKit.framework; sourceTree = SDKROOT; };
		8C4798D71380E5A000B04E27 /* Foundation.framework */ = {isa = PBXFileReference; lastKnownFileType = wrapper.framework; name = Foundation.framework; path = System/Library/Frameworks/Foundation.framework; sourceTree = SDKROOT; };
		8C4798D91380E5A000B04E27 /* CoreGraphics.framework */ = {isa = PBXFileReference; lastKnownFileType = wrapper.framework; name = CoreGraphics.framework; path = System/Library/Frameworks/CoreGraphics.framework; sourceTree = SDKROOT; };
		8C4798DD1380E5A000B04E27 /* Default.png */ = {isa = PBXFileReference; lastKnownFileType = image.png; name = Default.png; path = Resources/Default.png; sourceTree = "<group>"; };
		8C4798DF1380E5A000B04E27 /* fps_images.png */ = {isa = PBXFileReference; lastKnownFileType = image.png; name = fps_images.png; path = Resources/fps_images.png; sourceTree = "<group>"; };
		8C4798E11380E5A000B04E27 /* Icon-72.png */ = {isa = PBXFileReference; lastKnownFileType = image.png; name = "Icon-72.png"; path = "Resources/Icon-72.png"; sourceTree = "<group>"; };
		8C4798E31380E5A100B04E27 /* Icon-Small-50.png */ = {isa = PBXFileReference; lastKnownFileType = image.png; name = "Icon-Small-50.png"; path = "Resources/Icon-Small-50.png"; sourceTree = "<group>"; };
		8C4798E51380E5A100B04E27 /* Icon-Small.png */ = {isa = PBXFileReference; lastKnownFileType = image.png; name = "Icon-Small.png"; path = "Resources/Icon-Small.png"; sourceTree = "<group>"; };
		8C4798E71380E5A100B04E27 /* Icon-Small@2x.png */ = {isa = PBXFileReference; lastKnownFileType = image.png; name = "Icon-Small@2x.png"; path = "Resources/Icon-Small@2x.png"; sourceTree = "<group>"; };
		8C4798E91380E5A100B04E27 /* Icon.png */ = {isa = PBXFileReference; lastKnownFileType = image.png; name = Icon.png; path = Resources/Icon.png; sourceTree = "<group>"; };
		8C4798EB1380E5A100B04E27 /* Icon@2x.png */ = {isa = PBXFileReference; lastKnownFileType = image.png; name = "Icon@2x.png"; path = "Resources/Icon@2x.png"; sourceTree = "<group>"; };
		8C4798ED1380E5A100B04E27 /* Info.plist */ = {isa = PBXFileReference; name = Info.plist; path = Resources/Info.plist; sourceTree = "<group>"; };
		8C4798EE1380E5A100B04E27 /* iTunesArtwork */ = {isa = PBXFileReference; lastKnownFileType = file; name = iTunesArtwork; path = Resources/iTunesArtwork; sourceTree = "<group>"; };
		8C4798F21380E5A100B04E27 /* CCAction.h */ = {isa = PBXFileReference; name = CCAction.h; path = libs/cocos2d/CCAction.h; sourceTree = "<group>"; };
		8C4798F31380E5A100B04E27 /* CCAction.m */ = {isa = PBXFileReference; lastKnownFileType = sourcecode.c.objc; name = CCAction.m; path = libs/cocos2d/CCAction.m; sourceTree = "<group>"; };
		8C4798F51380E5A100B04E27 /* CCActionCamera.h */ = {isa = PBXFileReference; name = CCActionCamera.h; path = libs/cocos2d/CCActionCamera.h; sourceTree = "<group>"; };
		8C4798F61380E5A100B04E27 /* CCActionCamera.m */ = {isa = PBXFileReference; lastKnownFileType = sourcecode.c.objc; name = CCActionCamera.m; path = libs/cocos2d/CCActionCamera.m; sourceTree = "<group>"; };
		8C4798F81380E5A100B04E27 /* CCActionEase.h */ = {isa = PBXFileReference; name = CCActionEase.h; path = libs/cocos2d/CCActionEase.h; sourceTree = "<group>"; };
		8C4798F91380E5A100B04E27 /* CCActionEase.m */ = {isa = PBXFileReference; lastKnownFileType = sourcecode.c.objc; name = CCActionEase.m; path = libs/cocos2d/CCActionEase.m; sourceTree = "<group>"; };
		8C4798FB1380E5A100B04E27 /* CCActionGrid.h */ = {isa = PBXFileReference; name = CCActionGrid.h; path = libs/cocos2d/CCActionGrid.h; sourceTree = "<group>"; };
		8C4798FC1380E5A100B04E27 /* CCActionGrid.m */ = {isa = PBXFileReference; lastKnownFileType = sourcecode.c.objc; name = CCActionGrid.m; path = libs/cocos2d/CCActionGrid.m; sourceTree = "<group>"; };
		8C4798FE1380E5A100B04E27 /* CCActionGrid3D.h */ = {isa = PBXFileReference; name = CCActionGrid3D.h; path = libs/cocos2d/CCActionGrid3D.h; sourceTree = "<group>"; };
		8C4798FF1380E5A100B04E27 /* CCActionGrid3D.m */ = {isa = PBXFileReference; lastKnownFileType = sourcecode.c.objc; name = CCActionGrid3D.m; path = libs/cocos2d/CCActionGrid3D.m; sourceTree = "<group>"; };
		8C4799011380E5A100B04E27 /* CCActionInstant.h */ = {isa = PBXFileReference; name = CCActionInstant.h; path = libs/cocos2d/CCActionInstant.h; sourceTree = "<group>"; };
		8C4799021380E5A100B04E27 /* CCActionInstant.m */ = {isa = PBXFileReference; lastKnownFileType = sourcecode.c.objc; name = CCActionInstant.m; path = libs/cocos2d/CCActionInstant.m; sourceTree = "<group>"; };
		8C4799041380E5A100B04E27 /* CCActionInterval.h */ = {isa = PBXFileReference; name = CCActionInterval.h; path = libs/cocos2d/CCActionInterval.h; sourceTree = "<group>"; };
		8C4799051380E5A100B04E27 /* CCActionInterval.m */ = {isa = PBXFileReference; lastKnownFileType = sourcecode.c.objc; name = CCActionInterval.m; path = libs/cocos2d/CCActionInterval.m; sourceTree = "<group>"; };
		8C4799071380E5A100B04E27 /* CCActionManager.h */ = {isa = PBXFileReference; name = CCActionManager.h; path = libs/cocos2d/CCActionManager.h; sourceTree = "<group>"; };
		8C4799081380E5A100B04E27 /* CCActionManager.m */ = {isa = PBXFileReference; lastKnownFileType = sourcecode.c.objc; name = CCActionManager.m; path = libs/cocos2d/CCActionManager.m; sourceTree = "<group>"; };
		8C47990A1380E5A100B04E27 /* CCActionPageTurn3D.h */ = {isa = PBXFileReference; name = CCActionPageTurn3D.h; path = libs/cocos2d/CCActionPageTurn3D.h; sourceTree = "<group>"; };
		8C47990B1380E5A100B04E27 /* CCActionPageTurn3D.m */ = {isa = PBXFileReference; lastKnownFileType = sourcecode.c.objc; name = CCActionPageTurn3D.m; path = libs/cocos2d/CCActionPageTurn3D.m; sourceTree = "<group>"; };
		8C47990D1380E5A100B04E27 /* CCActionProgressTimer.h */ = {isa = PBXFileReference; name = CCActionProgressTimer.h; path = libs/cocos2d/CCActionProgressTimer.h; sourceTree = "<group>"; };
		8C47990E1380E5A100B04E27 /* CCActionProgressTimer.m */ = {isa = PBXFileReference; lastKnownFileType = sourcecode.c.objc; name = CCActionProgressTimer.m; path = libs/cocos2d/CCActionProgressTimer.m; sourceTree = "<group>"; };
		8C4799101380E5A100B04E27 /* CCActionTiledGrid.h */ = {isa = PBXFileReference; name = CCActionTiledGrid.h; path = libs/cocos2d/CCActionTiledGrid.h; sourceTree = "<group>"; };
		8C4799111380E5A100B04E27 /* CCActionTiledGrid.m */ = {isa = PBXFileReference; lastKnownFileType = sourcecode.c.objc; name = CCActionTiledGrid.m; path = libs/cocos2d/CCActionTiledGrid.m; sourceTree = "<group>"; };
		8C4799131380E5A100B04E27 /* CCActionTween.h */ = {isa = PBXFileReference; name = CCActionTween.h; path = libs/cocos2d/CCActionTween.h; sourceTree = "<group>"; };
		8C4799141380E5A100B04E27 /* CCActionTween.m */ = {isa = PBXFileReference; lastKnownFileType = sourcecode.c.objc; name = CCActionTween.m; path = libs/cocos2d/CCActionTween.m; sourceTree = "<group>"; };
		8C4799161380E5A100B04E27 /* CCAnimation.h */ = {isa = PBXFileReference; name = CCAnimation.h; path = libs/cocos2d/CCAnimation.h; sourceTree = "<group>"; };
		8C4799171380E5A100B04E27 /* CCAnimation.m */ = {isa = PBXFileReference; lastKnownFileType = sourcecode.c.objc; name = CCAnimation.m; path = libs/cocos2d/CCAnimation.m; sourceTree = "<group>"; };
		8C4799191380E5A100B04E27 /* CCAnimationCache.h */ = {isa = PBXFileReference; name = CCAnimationCache.h; path = libs/cocos2d/CCAnimationCache.h; sourceTree = "<group>"; };
		8C47991A1380E5A100B04E27 /* CCAnimationCache.m */ = {isa = PBXFileReference; lastKnownFileType = sourcecode.c.objc; name = CCAnimationCache.m; path = libs/cocos2d/CCAnimationCache.m; sourceTree = "<group>"; };
		8C47991C1380E5A100B04E27 /* CCAtlasNode.h */ = {isa = PBXFileReference; name = CCAtlasNode.h; path = libs/cocos2d/CCAtlasNode.h; sourceTree = "<group>"; };
		8C47991D1380E5A100B04E27 /* CCAtlasNode.m */ = {isa = PBXFileReference; lastKnownFileType = sourcecode.c.objc; name = CCAtlasNode.m; path = libs/cocos2d/CCAtlasNode.m; sourceTree = "<group>"; };
		8C47991F1380E5A100B04E27 /* CCBlockSupport.h */ = {isa = PBXFileReference; name = CCBlockSupport.h; path = libs/cocos2d/CCBlockSupport.h; sourceTree = "<group>"; };
		8C4799201380E5A100B04E27 /* CCBlockSupport.m */ = {isa = PBXFileReference; lastKnownFileType = sourcecode.c.objc; name = CCBlockSupport.m; path = libs/cocos2d/CCBlockSupport.m; sourceTree = "<group>"; };
		8C4799221380E5A100B04E27 /* CCCamera.h */ = {isa = PBXFileReference; name = CCCamera.h; path = libs/cocos2d/CCCamera.h; sourceTree = "<group>"; };
		8C4799231380E5A100B04E27 /* CCCamera.m */ = {isa = PBXFileReference; lastKnownFileType = sourcecode.c.objc; name = CCCamera.m; path = libs/cocos2d/CCCamera.m; sourceTree = "<group>"; };
		8C4799251380E5A100B04E27 /* ccConfig.h */ = {isa = PBXFileReference; name = ccConfig.h; path = libs/cocos2d/ccConfig.h; sourceTree = "<group>"; };
		8C4799261380E5A100B04E27 /* CCConfiguration.h */ = {isa = PBXFileReference; name = CCConfiguration.h; path = libs/cocos2d/CCConfiguration.h; sourceTree = "<group>"; };
		8C4799271380E5A100B04E27 /* CCConfiguration.m */ = {isa = PBXFileReference; lastKnownFileType = sourcecode.c.objc; name = CCConfiguration.m; path = libs/cocos2d/CCConfiguration.m; sourceTree = "<group>"; };
		8C4799291380E5A100B04E27 /* CCDirector.h */ = {isa = PBXFileReference; name = CCDirector.h; path = libs/cocos2d/CCDirector.h; sourceTree = "<group>"; };
		8C47992A1380E5A100B04E27 /* CCDirector.m */ = {isa = PBXFileReference; lastKnownFileType = sourcecode.c.objc; name = CCDirector.m; path = libs/cocos2d/CCDirector.m; sourceTree = "<group>"; };
		8C47992C1380E5A100B04E27 /* CCDrawingPrimitives.h */ = {isa = PBXFileReference; name = CCDrawingPrimitives.h; path = libs/cocos2d/CCDrawingPrimitives.h; sourceTree = "<group>"; };
		8C47992D1380E5A100B04E27 /* CCDrawingPrimitives.m */ = {isa = PBXFileReference; lastKnownFileType = sourcecode.c.objc; name = CCDrawingPrimitives.m; path = libs/cocos2d/CCDrawingPrimitives.m; sourceTree = "<group>"; };
		8C47992F1380E5A100B04E27 /* CCGrabber.h */ = {isa = PBXFileReference; name = CCGrabber.h; path = libs/cocos2d/CCGrabber.h; sourceTree = "<group>"; };
		8C4799301380E5A100B04E27 /* CCGrabber.m */ = {isa = PBXFileReference; lastKnownFileType = sourcecode.c.objc; name = CCGrabber.m; path = libs/cocos2d/CCGrabber.m; sourceTree = "<group>"; };
		8C4799321380E5A100B04E27 /* CCGrid.h */ = {isa = PBXFileReference; name = CCGrid.h; path = libs/cocos2d/CCGrid.h; sourceTree = "<group>"; };
		8C4799331380E5A100B04E27 /* CCGrid.m */ = {isa = PBXFileReference; lastKnownFileType = sourcecode.c.objc; name = CCGrid.m; path = libs/cocos2d/CCGrid.m; sourceTree = "<group>"; };
		8C4799351380E5A100B04E27 /* CCLabelAtlas.h */ = {isa = PBXFileReference; name = CCLabelAtlas.h; path = libs/cocos2d/CCLabelAtlas.h; sourceTree = "<group>"; };
		8C4799361380E5A100B04E27 /* CCLabelAtlas.m */ = {isa = PBXFileReference; lastKnownFileType = sourcecode.c.objc; name = CCLabelAtlas.m; path = libs/cocos2d/CCLabelAtlas.m; sourceTree = "<group>"; };
		8C4799381380E5A100B04E27 /* CCLabelBMFont.h */ = {isa = PBXFileReference; name = CCLabelBMFont.h; path = libs/cocos2d/CCLabelBMFont.h; sourceTree = "<group>"; };
		8C4799391380E5A100B04E27 /* CCLabelBMFont.m */ = {isa = PBXFileReference; lastKnownFileType = sourcecode.c.objc; name = CCLabelBMFont.m; path = libs/cocos2d/CCLabelBMFont.m; sourceTree = "<group>"; };
		8C47993B1380E5A100B04E27 /* CCLabelTTF.h */ = {isa = PBXFileReference; name = CCLabelTTF.h; path = libs/cocos2d/CCLabelTTF.h; sourceTree = "<group>"; };
		8C47993C1380E5A100B04E27 /* CCLabelTTF.m */ = {isa = PBXFileReference; lastKnownFileType = sourcecode.c.objc; name = CCLabelTTF.m; path = libs/cocos2d/CCLabelTTF.m; sourceTree = "<group>"; };
		8C47993E1380E5A100B04E27 /* CCLayer.h */ = {isa = PBXFileReference; name = CCLayer.h; path = libs/cocos2d/CCLayer.h; sourceTree = "<group>"; };
		8C47993F1380E5A100B04E27 /* CCLayer.m */ = {isa = PBXFileReference; lastKnownFileType = sourcecode.c.objc; name = CCLayer.m; path = libs/cocos2d/CCLayer.m; sourceTree = "<group>"; };
		8C4799411380E5A100B04E27 /* ccMacros.h */ = {isa = PBXFileReference; name = ccMacros.h; path = libs/cocos2d/ccMacros.h; sourceTree = "<group>"; };
		8C4799421380E5A100B04E27 /* CCMenu.h */ = {isa = PBXFileReference; name = CCMenu.h; path = libs/cocos2d/CCMenu.h; sourceTree = "<group>"; };
		8C4799431380E5A100B04E27 /* CCMenu.m */ = {isa = PBXFileReference; lastKnownFileType = sourcecode.c.objc; name = CCMenu.m; path = libs/cocos2d/CCMenu.m; sourceTree = "<group>"; };
		8C4799451380E5A100B04E27 /* CCMenuItem.h */ = {isa = PBXFileReference; name = CCMenuItem.h; path = libs/cocos2d/CCMenuItem.h; sourceTree = "<group>"; };
		8C4799461380E5A100B04E27 /* CCMenuItem.m */ = {isa = PBXFileReference; lastKnownFileType = sourcecode.c.objc; name = CCMenuItem.m; path = libs/cocos2d/CCMenuItem.m; sourceTree = "<group>"; };
		8C4799481380E5A100B04E27 /* CCMotionStreak.h */ = {isa = PBXFileReference; name = CCMotionStreak.h; path = libs/cocos2d/CCMotionStreak.h; sourceTree = "<group>"; };
		8C4799491380E5A100B04E27 /* CCMotionStreak.m */ = {isa = PBXFileReference; lastKnownFileType = sourcecode.c.objc; name = CCMotionStreak.m; path = libs/cocos2d/CCMotionStreak.m; sourceTree = "<group>"; };
		8C47994B1380E5A100B04E27 /* CCNode.h */ = {isa = PBXFileReference; name = CCNode.h; path = libs/cocos2d/CCNode.h; sourceTree = "<group>"; };
		8C47994C1380E5A100B04E27 /* CCNode.m */ = {isa = PBXFileReference; lastKnownFileType = sourcecode.c.objc; name = CCNode.m; path = libs/cocos2d/CCNode.m; sourceTree = "<group>"; };
		8C47994E1380E5A100B04E27 /* CCParallaxNode.h */ = {isa = PBXFileReference; name = CCParallaxNode.h; path = libs/cocos2d/CCParallaxNode.h; sourceTree = "<group>"; };
		8C47994F1380E5A100B04E27 /* CCParallaxNode.m */ = {isa = PBXFileReference; lastKnownFileType = sourcecode.c.objc; name = CCParallaxNode.m; path = libs/cocos2d/CCParallaxNode.m; sourceTree = "<group>"; };
		8C4799511380E5A100B04E27 /* CCParticleExamples.h */ = {isa = PBXFileReference; name = CCParticleExamples.h; path = libs/cocos2d/CCParticleExamples.h; sourceTree = "<group>"; };
		8C4799521380E5A100B04E27 /* CCParticleExamples.m */ = {isa = PBXFileReference; lastKnownFileType = sourcecode.c.objc; name = CCParticleExamples.m; path = libs/cocos2d/CCParticleExamples.m; sourceTree = "<group>"; };
		8C4799541380E5A100B04E27 /* CCParticleSystem.h */ = {isa = PBXFileReference; name = CCParticleSystem.h; path = libs/cocos2d/CCParticleSystem.h; sourceTree = "<group>"; };
		8C4799551380E5A100B04E27 /* CCParticleSystem.m */ = {isa = PBXFileReference; lastKnownFileType = sourcecode.c.objc; name = CCParticleSystem.m; path = libs/cocos2d/CCParticleSystem.m; sourceTree = "<group>"; };
		8C4799571380E5A100B04E27 /* CCParticleSystemPoint.h */ = {isa = PBXFileReference; name = CCParticleSystemPoint.h; path = libs/cocos2d/CCParticleSystemPoint.h; sourceTree = "<group>"; };
		8C4799581380E5A100B04E27 /* CCParticleSystemPoint.m */ = {isa = PBXFileReference; lastKnownFileType = sourcecode.c.objc; name = CCParticleSystemPoint.m; path = libs/cocos2d/CCParticleSystemPoint.m; sourceTree = "<group>"; };
		8C47995A1380E5A100B04E27 /* CCParticleSystemQuad.h */ = {isa = PBXFileReference; name = CCParticleSystemQuad.h; path = libs/cocos2d/CCParticleSystemQuad.h; sourceTree = "<group>"; };
		8C47995B1380E5A100B04E27 /* CCParticleSystemQuad.m */ = {isa = PBXFileReference; lastKnownFileType = sourcecode.c.objc; name = CCParticleSystemQuad.m; path = libs/cocos2d/CCParticleSystemQuad.m; sourceTree = "<group>"; };
		8C47995D1380E5A100B04E27 /* CCProgressTimer.h */ = {isa = PBXFileReference; name = CCProgressTimer.h; path = libs/cocos2d/CCProgressTimer.h; sourceTree = "<group>"; };
		8C47995E1380E5A100B04E27 /* CCProgressTimer.m */ = {isa = PBXFileReference; lastKnownFileType = sourcecode.c.objc; name = CCProgressTimer.m; path = libs/cocos2d/CCProgressTimer.m; sourceTree = "<group>"; };
		8C4799601380E5A100B04E27 /* CCProtocols.h */ = {isa = PBXFileReference; name = CCProtocols.h; path = libs/cocos2d/CCProtocols.h; sourceTree = "<group>"; };
		8C4799611380E5A100B04E27 /* CCRenderTexture.h */ = {isa = PBXFileReference; name = CCRenderTexture.h; path = libs/cocos2d/CCRenderTexture.h; sourceTree = "<group>"; };
		8C4799621380E5A100B04E27 /* CCRenderTexture.m */ = {isa = PBXFileReference; lastKnownFileType = sourcecode.c.objc; name = CCRenderTexture.m; path = libs/cocos2d/CCRenderTexture.m; sourceTree = "<group>"; };
		8C4799641380E5A200B04E27 /* CCRibbon.h */ = {isa = PBXFileReference; name = CCRibbon.h; path = libs/cocos2d/CCRibbon.h; sourceTree = "<group>"; };
		8C4799651380E5A200B04E27 /* CCRibbon.m */ = {isa = PBXFileReference; lastKnownFileType = sourcecode.c.objc; name = CCRibbon.m; path = libs/cocos2d/CCRibbon.m; sourceTree = "<group>"; };
		8C4799671380E5A200B04E27 /* CCScene.h */ = {isa = PBXFileReference; name = CCScene.h; path = libs/cocos2d/CCScene.h; sourceTree = "<group>"; };
		8C4799681380E5A200B04E27 /* CCScene.m */ = {isa = PBXFileReference; lastKnownFileType = sourcecode.c.objc; name = CCScene.m; path = libs/cocos2d/CCScene.m; sourceTree = "<group>"; };
		8C47996A1380E5A200B04E27 /* CCScheduler.h */ = {isa = PBXFileReference; name = CCScheduler.h; path = libs/cocos2d/CCScheduler.h; sourceTree = "<group>"; };
		8C47996B1380E5A200B04E27 /* CCScheduler.m */ = {isa = PBXFileReference; lastKnownFileType = sourcecode.c.objc; name = CCScheduler.m; path = libs/cocos2d/CCScheduler.m; sourceTree = "<group>"; };
		8C47996D1380E5A200B04E27 /* CCSprite.h */ = {isa = PBXFileReference; name = CCSprite.h; path = libs/cocos2d/CCSprite.h; sourceTree = "<group>"; };
		8C47996E1380E5A200B04E27 /* CCSprite.m */ = {isa = PBXFileReference; lastKnownFileType = sourcecode.c.objc; name = CCSprite.m; path = libs/cocos2d/CCSprite.m; sourceTree = "<group>"; };
		8C4799701380E5A200B04E27 /* CCSpriteBatchNode.h */ = {isa = PBXFileReference; name = CCSpriteBatchNode.h; path = libs/cocos2d/CCSpriteBatchNode.h; sourceTree = "<group>"; };
		8C4799711380E5A200B04E27 /* CCSpriteBatchNode.m */ = {isa = PBXFileReference; lastKnownFileType = sourcecode.c.objc; name = CCSpriteBatchNode.m; path = libs/cocos2d/CCSpriteBatchNode.m; sourceTree = "<group>"; };
		8C4799731380E5A200B04E27 /* CCSpriteFrame.h */ = {isa = PBXFileReference; name = CCSpriteFrame.h; path = libs/cocos2d/CCSpriteFrame.h; sourceTree = "<group>"; };
		8C4799741380E5A200B04E27 /* CCSpriteFrame.m */ = {isa = PBXFileReference; lastKnownFileType = sourcecode.c.objc; name = CCSpriteFrame.m; path = libs/cocos2d/CCSpriteFrame.m; sourceTree = "<group>"; };
		8C4799761380E5A200B04E27 /* CCSpriteFrameCache.h */ = {isa = PBXFileReference; name = CCSpriteFrameCache.h; path = libs/cocos2d/CCSpriteFrameCache.h; sourceTree = "<group>"; };
		8C4799771380E5A200B04E27 /* CCSpriteFrameCache.m */ = {isa = PBXFileReference; lastKnownFileType = sourcecode.c.objc; name = CCSpriteFrameCache.m; path = libs/cocos2d/CCSpriteFrameCache.m; sourceTree = "<group>"; };
		8C4799791380E5A200B04E27 /* CCTexture2D.h */ = {isa = PBXFileReference; name = CCTexture2D.h; path = libs/cocos2d/CCTexture2D.h; sourceTree = "<group>"; };
		8C47997A1380E5A200B04E27 /* CCTexture2D.m */ = {isa = PBXFileReference; lastKnownFileType = sourcecode.c.objc; name = CCTexture2D.m; path = libs/cocos2d/CCTexture2D.m; sourceTree = "<group>"; };
		8C47997C1380E5A200B04E27 /* CCTextureAtlas.h */ = {isa = PBXFileReference; name = CCTextureAtlas.h; path = libs/cocos2d/CCTextureAtlas.h; sourceTree = "<group>"; };
		8C47997D1380E5A200B04E27 /* CCTextureAtlas.m */ = {isa = PBXFileReference; lastKnownFileType = sourcecode.c.objc; name = CCTextureAtlas.m; path = libs/cocos2d/CCTextureAtlas.m; sourceTree = "<group>"; };
		8C47997F1380E5A200B04E27 /* CCTextureCache.h */ = {isa = PBXFileReference; name = CCTextureCache.h; path = libs/cocos2d/CCTextureCache.h; sourceTree = "<group>"; };
		8C4799801380E5A200B04E27 /* CCTextureCache.m */ = {isa = PBXFileReference; lastKnownFileType = sourcecode.c.objc; name = CCTextureCache.m; path = libs/cocos2d/CCTextureCache.m; sourceTree = "<group>"; };
		8C4799821380E5A200B04E27 /* CCTexturePVR.h */ = {isa = PBXFileReference; name = CCTexturePVR.h; path = libs/cocos2d/CCTexturePVR.h; sourceTree = "<group>"; };
		8C4799831380E5A200B04E27 /* CCTexturePVR.m */ = {isa = PBXFileReference; lastKnownFileType = sourcecode.c.objc; name = CCTexturePVR.m; path = libs/cocos2d/CCTexturePVR.m; sourceTree = "<group>"; };
		8C4799851380E5A200B04E27 /* CCTileMapAtlas.h */ = {isa = PBXFileReference; name = CCTileMapAtlas.h; path = libs/cocos2d/CCTileMapAtlas.h; sourceTree = "<group>"; };
		8C4799861380E5A200B04E27 /* CCTileMapAtlas.m */ = {isa = PBXFileReference; lastKnownFileType = sourcecode.c.objc; name = CCTileMapAtlas.m; path = libs/cocos2d/CCTileMapAtlas.m; sourceTree = "<group>"; };
		8C4799881380E5A200B04E27 /* CCTMXLayer.h */ = {isa = PBXFileReference; name = CCTMXLayer.h; path = libs/cocos2d/CCTMXLayer.h; sourceTree = "<group>"; };
		8C4799891380E5A200B04E27 /* CCTMXLayer.m */ = {isa = PBXFileReference; lastKnownFileType = sourcecode.c.objc; name = CCTMXLayer.m; path = libs/cocos2d/CCTMXLayer.m; sourceTree = "<group>"; };
		8C47998B1380E5A200B04E27 /* CCTMXObjectGroup.h */ = {isa = PBXFileReference; name = CCTMXObjectGroup.h; path = libs/cocos2d/CCTMXObjectGroup.h; sourceTree = "<group>"; };
		8C47998C1380E5A200B04E27 /* CCTMXObjectGroup.m */ = {isa = PBXFileReference; lastKnownFileType = sourcecode.c.objc; name = CCTMXObjectGroup.m; path = libs/cocos2d/CCTMXObjectGroup.m; sourceTree = "<group>"; };
		8C47998E1380E5A200B04E27 /* CCTMXTiledMap.h */ = {isa = PBXFileReference; name = CCTMXTiledMap.h; path = libs/cocos2d/CCTMXTiledMap.h; sourceTree = "<group>"; };
		8C47998F1380E5A200B04E27 /* CCTMXTiledMap.m */ = {isa = PBXFileReference; lastKnownFileType = sourcecode.c.objc; name = CCTMXTiledMap.m; path = libs/cocos2d/CCTMXTiledMap.m; sourceTree = "<group>"; };
		8C4799911380E5A200B04E27 /* CCTMXXMLParser.h */ = {isa = PBXFileReference; name = CCTMXXMLParser.h; path = libs/cocos2d/CCTMXXMLParser.h; sourceTree = "<group>"; };
		8C4799921380E5A200B04E27 /* CCTMXXMLParser.m */ = {isa = PBXFileReference; lastKnownFileType = sourcecode.c.objc; name = CCTMXXMLParser.m; path = libs/cocos2d/CCTMXXMLParser.m; sourceTree = "<group>"; };
		8C4799941380E5A200B04E27 /* CCTransition.h */ = {isa = PBXFileReference; name = CCTransition.h; path = libs/cocos2d/CCTransition.h; sourceTree = "<group>"; };
		8C4799951380E5A200B04E27 /* CCTransition.m */ = {isa = PBXFileReference; lastKnownFileType = sourcecode.c.objc; name = CCTransition.m; path = libs/cocos2d/CCTransition.m; sourceTree = "<group>"; };
		8C4799971380E5A200B04E27 /* CCTransitionPageTurn.h */ = {isa = PBXFileReference; name = CCTransitionPageTurn.h; path = libs/cocos2d/CCTransitionPageTurn.h; sourceTree = "<group>"; };
		8C4799981380E5A200B04E27 /* CCTransitionPageTurn.m */ = {isa = PBXFileReference; lastKnownFileType = sourcecode.c.objc; name = CCTransitionPageTurn.m; path = libs/cocos2d/CCTransitionPageTurn.m; sourceTree = "<group>"; };
		8C47999A1380E5A200B04E27 /* CCTransitionRadial.h */ = {isa = PBXFileReference; name = CCTransitionRadial.h; path = libs/cocos2d/CCTransitionRadial.h; sourceTree = "<group>"; };
		8C47999B1380E5A200B04E27 /* CCTransitionRadial.m */ = {isa = PBXFileReference; lastKnownFileType = sourcecode.c.objc; name = CCTransitionRadial.m; path = libs/cocos2d/CCTransitionRadial.m; sourceTree = "<group>"; };
		8C47999D1380E5A200B04E27 /* ccTypes.h */ = {isa = PBXFileReference; name = ccTypes.h; path = libs/cocos2d/ccTypes.h; sourceTree = "<group>"; };
		8C47999E1380E5A200B04E27 /* cocos2d.h */ = {isa = PBXFileReference; name = cocos2d.h; path = libs/cocos2d/cocos2d.h; sourceTree = "<group>"; };
		8C47999F1380E5A200B04E27 /* cocos2d.m */ = {isa = PBXFileReference; lastKnownFileType = sourcecode.c.objc; name = cocos2d.m; path = libs/cocos2d/cocos2d.m; sourceTree = "<group>"; };
		8C4799A21380E5A200B04E27 /* CCGL.h */ = {isa = PBXFileReference; name = CCGL.h; path = libs/cocos2d/Platforms/CCGL.h; sourceTree = "<group>"; };
		8C4799A31380E5A200B04E27 /* CCNS.h */ = {isa = PBXFileReference; name = CCNS.h; path = libs/cocos2d/Platforms/CCNS.h; sourceTree = "<group>"; };
		8C4799A51380E5A200B04E27 /* CCDirectorIOS.h */ = {isa = PBXFileReference; name = CCDirectorIOS.h; path = libs/cocos2d/Platforms/iOS/CCDirectorIOS.h; sourceTree = "<group>"; };
		8C4799A61380E5A200B04E27 /* CCDirectorIOS.m */ = {isa = PBXFileReference; lastKnownFileType = sourcecode.c.objc; name = CCDirectorIOS.m; path = libs/cocos2d/Platforms/iOS/CCDirectorIOS.m; sourceTree = "<group>"; };
		8C4799A81380E5A200B04E27 /* CCTouchDelegateProtocol.h */ = {isa = PBXFileReference; name = CCTouchDelegateProtocol.h; path = libs/cocos2d/Platforms/iOS/CCTouchDelegateProtocol.h; sourceTree = "<group>"; };
		8C4799A91380E5A200B04E27 /* CCTouchDispatcher.h */ = {isa = PBXFileReference; name = CCTouchDispatcher.h; path = libs/cocos2d/Platforms/iOS/CCTouchDispatcher.h; sourceTree = "<group>"; };
		8C4799AA1380E5A200B04E27 /* CCTouchDispatcher.m */ = {isa = PBXFileReference; lastKnownFileType = sourcecode.c.objc; name = CCTouchDispatcher.m; path = libs/cocos2d/Platforms/iOS/CCTouchDispatcher.m; sourceTree = "<group>"; };
		8C4799AC1380E5A200B04E27 /* CCTouchHandler.h */ = {isa = PBXFileReference; name = CCTouchHandler.h; path = libs/cocos2d/Platforms/iOS/CCTouchHandler.h; sourceTree = "<group>"; };
		8C4799AD1380E5A200B04E27 /* CCTouchHandler.m */ = {isa = PBXFileReference; lastKnownFileType = sourcecode.c.objc; name = CCTouchHandler.m; path = libs/cocos2d/Platforms/iOS/CCTouchHandler.m; sourceTree = "<group>"; };
		8C4799AF1380E5A200B04E27 /* EAGLView.h */ = {isa = PBXFileReference; name = EAGLView.h; path = libs/cocos2d/Platforms/iOS/EAGLView.h; sourceTree = "<group>"; };
		8C4799B01380E5A200B04E27 /* EAGLView.m */ = {isa = PBXFileReference; lastKnownFileType = sourcecode.c.objc; name = EAGLView.m; path = libs/cocos2d/Platforms/iOS/EAGLView.m; sourceTree = "<group>"; };
		8C4799B21380E5A200B04E27 /* ES1Renderer.h */ = {isa = PBXFileReference; name = ES1Renderer.h; path = libs/cocos2d/Platforms/iOS/ES1Renderer.h; sourceTree = "<group>"; };
		8C4799B31380E5A200B04E27 /* ES1Renderer.m */ = {isa = PBXFileReference; lastKnownFileType = sourcecode.c.objc; name = ES1Renderer.m; path = libs/cocos2d/Platforms/iOS/ES1Renderer.m; sourceTree = "<group>"; };
		8C4799B51380E5A200B04E27 /* ESRenderer.h */ = {isa = PBXFileReference; name = ESRenderer.h; path = libs/cocos2d/Platforms/iOS/ESRenderer.h; sourceTree = "<group>"; };
		8C4799B61380E5A200B04E27 /* glu.c */ = {isa = PBXFileReference; lastKnownFileType = sourcecode.c.c; name = glu.c; path = libs/cocos2d/Platforms/iOS/glu.c; sourceTree = "<group>"; };
		8C4799B81380E5A200B04E27 /* glu.h */ = {isa = PBXFileReference; name = glu.h; path = libs/cocos2d/Platforms/iOS/glu.h; sourceTree = "<group>"; };
		8C4799BA1380E5A200B04E27 /* CCDirectorMac.h */ = {isa = PBXFileReference; name = CCDirectorMac.h; path = libs/cocos2d/Platforms/Mac/CCDirectorMac.h; sourceTree = "<group>"; };
		8C4799BB1380E5A200B04E27 /* CCDirectorMac.m */ = {isa = PBXFileReference; lastKnownFileType = sourcecode.c.objc; name = CCDirectorMac.m; path = libs/cocos2d/Platforms/Mac/CCDirectorMac.m; sourceTree = "<group>"; };
		8C4799BD1380E5A200B04E27 /* CCEventDispatcher.h */ = {isa = PBXFileReference; name = CCEventDispatcher.h; path = libs/cocos2d/Platforms/Mac/CCEventDispatcher.h; sourceTree = "<group>"; };
		8C4799BE1380E5A200B04E27 /* CCEventDispatcher.m */ = {isa = PBXFileReference; lastKnownFileType = sourcecode.c.objc; name = CCEventDispatcher.m; path = libs/cocos2d/Platforms/Mac/CCEventDispatcher.m; sourceTree = "<group>"; };
		8C4799C01380E5A200B04E27 /* MacGLView.h */ = {isa = PBXFileReference; name = MacGLView.h; path = libs/cocos2d/Platforms/Mac/MacGLView.h; sourceTree = "<group>"; };
		8C4799C11380E5A200B04E27 /* MacGLView.m */ = {isa = PBXFileReference; lastKnownFileType = sourcecode.c.objc; name = MacGLView.m; path = libs/cocos2d/Platforms/Mac/MacGLView.m; sourceTree = "<group>"; };
		8C4799C31380E5A200B04E27 /* MacWindow.h */ = {isa = PBXFileReference; name = MacWindow.h; path = libs/cocos2d/Platforms/Mac/MacWindow.h; sourceTree = "<group>"; };
		8C4799C41380E5A200B04E27 /* MacWindow.m */ = {isa = PBXFileReference; lastKnownFileType = sourcecode.c.objc; name = MacWindow.m; path = libs/cocos2d/Platforms/Mac/MacWindow.m; sourceTree = "<group>"; };
		8C4799C71380E5A200B04E27 /* base64.c */ = {isa = PBXFileReference; lastKnownFileType = sourcecode.c.c; name = base64.c; path = libs/cocos2d/Support/base64.c; sourceTree = "<group>"; };
		8C4799C91380E5A200B04E27 /* base64.h */ = {isa = PBXFileReference; name = base64.h; path = libs/cocos2d/Support/base64.h; sourceTree = "<group>"; };
		8C4799CA1380E5A200B04E27 /* CCArray.h */ = {isa = PBXFileReference; name = CCArray.h; path = libs/cocos2d/Support/CCArray.h; sourceTree = "<group>"; };
		8C4799CB1380E5A200B04E27 /* CCArray.m */ = {isa = PBXFileReference; lastKnownFileType = sourcecode.c.objc; name = CCArray.m; path = libs/cocos2d/Support/CCArray.m; sourceTree = "<group>"; };
		8C4799CD1380E5A200B04E27 /* ccCArray.h */ = {isa = PBXFileReference; name = ccCArray.h; path = libs/cocos2d/Support/ccCArray.h; sourceTree = "<group>"; };
		8C4799CE1380E5A200B04E27 /* CCFileUtils.h */ = {isa = PBXFileReference; name = CCFileUtils.h; path = libs/cocos2d/Support/CCFileUtils.h; sourceTree = "<group>"; };
		8C4799CF1380E5A200B04E27 /* CCFileUtils.m */ = {isa = PBXFileReference; lastKnownFileType = sourcecode.c.objc; name = CCFileUtils.m; path = libs/cocos2d/Support/CCFileUtils.m; sourceTree = "<group>"; };
		8C4799D11380E5A200B04E27 /* CCProfiling.h */ = {isa = PBXFileReference; name = CCProfiling.h; path = libs/cocos2d/Support/CCProfiling.h; sourceTree = "<group>"; };
		8C4799D21380E5A200B04E27 /* CCProfiling.m */ = {isa = PBXFileReference; lastKnownFileType = sourcecode.c.objc; name = CCProfiling.m; path = libs/cocos2d/Support/CCProfiling.m; sourceTree = "<group>"; };
		8C4799D41380E5A200B04E27 /* ccUtils.c */ = {isa = PBXFileReference; lastKnownFileType = sourcecode.c.c; name = ccUtils.c; path = libs/cocos2d/Support/ccUtils.c; sourceTree = "<group>"; };
		8C4799D61380E5A200B04E27 /* ccUtils.h */ = {isa = PBXFileReference; name = ccUtils.h; path = libs/cocos2d/Support/ccUtils.h; sourceTree = "<group>"; };
		8C4799D71380E5A200B04E27 /* CGPointExtension.h */ = {isa = PBXFileReference; name = CGPointExtension.h; path = libs/cocos2d/Support/CGPointExtension.h; sourceTree = "<group>"; };
		8C4799D81380E5A200B04E27 /* CGPointExtension.m */ = {isa = PBXFileReference; lastKnownFileType = sourcecode.c.objc; name = CGPointExtension.m; path = libs/cocos2d/Support/CGPointExtension.m; sourceTree = "<group>"; };
		8C4799DA1380E5A200B04E27 /* OpenGL_Internal.h */ = {isa = PBXFileReference; name = OpenGL_Internal.h; path = libs/cocos2d/Support/OpenGL_Internal.h; sourceTree = "<group>"; };
		8C4799DB1380E5A200B04E27 /* TGAlib.h */ = {isa = PBXFileReference; name = TGAlib.h; path = libs/cocos2d/Support/TGAlib.h; sourceTree = "<group>"; };
		8C4799DC1380E5A200B04E27 /* TGAlib.m */ = {isa = PBXFileReference; lastKnownFileType = sourcecode.c.objc; name = TGAlib.m; path = libs/cocos2d/Support/TGAlib.m; sourceTree = "<group>"; };
		8C4799DE1380E5A200B04E27 /* TransformUtils.h */ = {isa = PBXFileReference; name = TransformUtils.h; path = libs/cocos2d/Support/TransformUtils.h; sourceTree = "<group>"; };
		8C4799DF1380E5A200B04E27 /* TransformUtils.m */ = {isa = PBXFileReference; lastKnownFileType = sourcecode.c.objc; name = TransformUtils.m; path = libs/cocos2d/Support/TransformUtils.m; sourceTree = "<group>"; };
		8C4799E11380E5A200B04E27 /* uthash.h */ = {isa = PBXFileReference; name = uthash.h; path = libs/cocos2d/Support/uthash.h; sourceTree = "<group>"; };
		8C4799E21380E5A200B04E27 /* utlist.h */ = {isa = PBXFileReference; name = utlist.h; path = libs/cocos2d/Support/utlist.h; sourceTree = "<group>"; };
		8C4799E31380E5A200B04E27 /* ZipUtils.h */ = {isa = PBXFileReference; name = ZipUtils.h; path = libs/cocos2d/Support/ZipUtils.h; sourceTree = "<group>"; };
		8C4799E41380E5A300B04E27 /* ZipUtils.m */ = {isa = PBXFileReference; lastKnownFileType = sourcecode.c.objc; name = ZipUtils.m; path = libs/cocos2d/Support/ZipUtils.m; sourceTree = "<group>"; };
		8C4799E61380E5A300B04E27 /* LICENSE_cocos2d.txt */ = {isa = PBXFileReference; name = LICENSE_cocos2d.txt; path = libs/LICENSE_cocos2d.txt; sourceTree = "<group>"; };
		8C4799E81380E5A300B04E27 /* CDAudioManager.h */ = {isa = PBXFileReference; name = CDAudioManager.h; path = libs/CocosDenshion/CDAudioManager.h; sourceTree = "<group>"; };
		8C4799E91380E5A300B04E27 /* CDAudioManager.m */ = {isa = PBXFileReference; lastKnownFileType = sourcecode.c.objc; name = CDAudioManager.m; path = libs/CocosDenshion/CDAudioManager.m; sourceTree = "<group>"; };
		8C4799EB1380E5A300B04E27 /* CDConfig.h */ = {isa = PBXFileReference; name = CDConfig.h; path = libs/CocosDenshion/CDConfig.h; sourceTree = "<group>"; };
		8C4799EC1380E5A300B04E27 /* CDOpenALSupport.h */ = {isa = PBXFileReference; name = CDOpenALSupport.h; path = libs/CocosDenshion/CDOpenALSupport.h; sourceTree = "<group>"; };
		8C4799ED1380E5A300B04E27 /* CDOpenALSupport.m */ = {isa = PBXFileReference; lastKnownFileType = sourcecode.c.objc; name = CDOpenALSupport.m; path = libs/CocosDenshion/CDOpenALSupport.m; sourceTree = "<group>"; };
		8C4799EF1380E5A300B04E27 /* CocosDenshion.h */ = {isa = PBXFileReference; name = CocosDenshion.h; path = libs/CocosDenshion/CocosDenshion.h; sourceTree = "<group>"; };
		8C4799F01380E5A300B04E27 /* CocosDenshion.m */ = {isa = PBXFileReference; lastKnownFileType = sourcecode.c.objc; name = CocosDenshion.m; path = libs/CocosDenshion/CocosDenshion.m; sourceTree = "<group>"; };
		8C4799F21380E5A300B04E27 /* SimpleAudioEngine.h */ = {isa = PBXFileReference; name = SimpleAudioEngine.h; path = libs/CocosDenshion/SimpleAudioEngine.h; sourceTree = "<group>"; };
		8C4799F31380E5A300B04E27 /* SimpleAudioEngine.m */ = {isa = PBXFileReference; lastKnownFileType = sourcecode.c.objc; name = SimpleAudioEngine.m; path = libs/CocosDenshion/SimpleAudioEngine.m; sourceTree = "<group>"; };
		8C4799F51380E5A300B04E27 /* LICENSE_CocosDenshion.txt */ = {isa = PBXFileReference; name = LICENSE_CocosDenshion.txt; path = libs/LICENSE_CocosDenshion.txt; sourceTree = "<group>"; };
		8C4799F71380E5A300B04E27 /* CLScoreServerPost.h */ = {isa = PBXFileReference; name = CLScoreServerPost.h; path = libs/cocoslive/CLScoreServerPost.h; sourceTree = "<group>"; };
		8C4799F81380E5A300B04E27 /* CLScoreServerPost.m */ = {isa = PBXFileReference; lastKnownFileType = sourcecode.c.objc; name = CLScoreServerPost.m; path = libs/cocoslive/CLScoreServerPost.m; sourceTree = "<group>"; };
		8C4799FA1380E5A300B04E27 /* CLScoreServerRequest.h */ = {isa = PBXFileReference; name = CLScoreServerRequest.h; path = libs/cocoslive/CLScoreServerRequest.h; sourceTree = "<group>"; };
		8C4799FB1380E5A300B04E27 /* CLScoreServerRequest.m */ = {isa = PBXFileReference; lastKnownFileType = sourcecode.c.objc; name = CLScoreServerRequest.m; path = libs/cocoslive/CLScoreServerRequest.m; sourceTree = "<group>"; };
		8C4799FD1380E5A300B04E27 /* cocoslive.h */ = {isa = PBXFileReference; name = cocoslive.h; path = libs/cocoslive/cocoslive.h; sourceTree = "<group>"; };
		8C4799FE1380E5A300B04E27 /* cocoslive.m */ = {isa = PBXFileReference; lastKnownFileType = sourcecode.c.objc; name = cocoslive.m; path = libs/cocoslive/cocoslive.m; sourceTree = "<group>"; };
		8C479A001380E5A300B04E27 /* LICENSE_TouchJSON.txt */ = {isa = PBXFileReference; name = LICENSE_TouchJSON.txt; path = libs/LICENSE_TouchJSON.txt; sourceTree = "<group>"; };
		8C479A021380E5A300B04E27 /* CDataScanner.h */ = {isa = PBXFileReference; name = CDataScanner.h; path = libs/TouchJSON/CDataScanner.h; sourceTree = "<group>"; };
		8C479A031380E5A300B04E27 /* CDataScanner.m */ = {isa = PBXFileReference; lastKnownFileType = sourcecode.c.objc; name = CDataScanner.m; path = libs/TouchJSON/CDataScanner.m; sourceTree = "<group>"; };
		8C479A061380E5A300B04E27 /* CDataScanner_Extensions.h */ = {isa = PBXFileReference; name = CDataScanner_Extensions.h; path = libs/TouchJSON/Extensions/CDataScanner_Extensions.h; sourceTree = "<group>"; };
		8C479A071380E5A300B04E27 /* CDataScanner_Extensions.m */ = {isa = PBXFileReference; lastKnownFileType = sourcecode.c.objc; name = CDataScanner_Extensions.m; path = libs/TouchJSON/Extensions/CDataScanner_Extensions.m; sourceTree = "<group>"; };
		8C479A091380E5A300B04E27 /* NSDictionary_JSONExtensions.h */ = {isa = PBXFileReference; name = NSDictionary_JSONExtensions.h; path = libs/TouchJSON/Extensions/NSDictionary_JSONExtensions.h; sourceTree = "<group>"; };
		8C479A0A1380E5A300B04E27 /* NSDictionary_JSONExtensions.m */ = {isa = PBXFileReference; lastKnownFileType = sourcecode.c.objc; name = NSDictionary_JSONExtensions.m; path = libs/TouchJSON/Extensions/NSDictionary_JSONExtensions.m; sourceTree = "<group>"; };
		8C479A0D1380E5A300B04E27 /* CJSONDeserializer.h */ = {isa = PBXFileReference; name = CJSONDeserializer.h; path = libs/TouchJSON/JSON/CJSONDeserializer.h; sourceTree = "<group>"; };
		8C479A0E1380E5A300B04E27 /* CJSONDeserializer.m */ = {isa = PBXFileReference; lastKnownFileType = sourcecode.c.objc; name = CJSONDeserializer.m; path = libs/TouchJSON/JSON/CJSONDeserializer.m; sourceTree = "<group>"; };
		8C479A101380E5A300B04E27 /* CJSONScanner.h */ = {isa = PBXFileReference; name = CJSONScanner.h; path = libs/TouchJSON/JSON/CJSONScanner.h; sourceTree = "<group>"; };
		8C479A111380E5A300B04E27 /* CJSONScanner.m */ = {isa = PBXFileReference; lastKnownFileType = sourcecode.c.objc; name = CJSONScanner.m; path = libs/TouchJSON/JSON/CJSONScanner.m; sourceTree = "<group>"; };
		8C479A131380E5A300B04E27 /* CJSONSerializer.h */ = {isa = PBXFileReference; name = CJSONSerializer.h; path = libs/TouchJSON/JSON/CJSONSerializer.h; sourceTree = "<group>"; };
		8C479A141380E5A300B04E27 /* CJSONSerializer.m */ = {isa = PBXFileReference; lastKnownFileType = sourcecode.c.objc; name = CJSONSerializer.m; path = libs/TouchJSON/JSON/CJSONSerializer.m; sourceTree = "<group>"; };
		8C479A161380E5A300B04E27 /* JSONRepresentation.h */ = {isa = PBXFileReference; name = JSONRepresentation.h; path = libs/TouchJSON/JSON/JSONRepresentation.h; sourceTree = "<group>"; };
		8C479A181380E5A300B04E27 /* FontLabel.h */ = {isa = PBXFileReference; name = FontLabel.h; path = libs/FontLabel/FontLabel.h; sourceTree = "<group>"; };
		8C479A191380E5A300B04E27 /* FontLabel.m */ = {isa = PBXFileReference; lastKnownFileType = sourcecode.c.objc; name = FontLabel.m; path = libs/FontLabel/FontLabel.m; sourceTree = "<group>"; };
		8C479A1B1380E5A300B04E27 /* FontLabelStringDrawing.h */ = {isa = PBXFileReference; name = FontLabelStringDrawing.h; path = libs/FontLabel/FontLabelStringDrawing.h; sourceTree = "<group>"; };
		8C479A1C1380E5A300B04E27 /* FontLabelStringDrawing.m */ = {isa = PBXFileReference; lastKnownFileType = sourcecode.c.objc; name = FontLabelStringDrawing.m; path = libs/FontLabel/FontLabelStringDrawing.m; sourceTree = "<group>"; };
		8C479A1E1380E5A300B04E27 /* FontManager.h */ = {isa = PBXFileReference; name = FontManager.h; path = libs/FontLabel/FontManager.h; sourceTree = "<group>"; };
		8C479A1F1380E5A300B04E27 /* FontManager.m */ = {isa = PBXFileReference; lastKnownFileType = sourcecode.c.objc; name = FontManager.m; path = libs/FontLabel/FontManager.m; sourceTree = "<group>"; };
		8C479A211380E5A300B04E27 /* ZAttributedString.h */ = {isa = PBXFileReference; name = ZAttributedString.h; path = libs/FontLabel/ZAttributedString.h; sourceTree = "<group>"; };
		8C479A221380E5A300B04E27 /* ZAttributedString.m */ = {isa = PBXFileReference; lastKnownFileType = sourcecode.c.objc; name = ZAttributedString.m; path = libs/FontLabel/ZAttributedString.m; sourceTree = "<group>"; };
		8C479A241380E5A300B04E27 /* ZAttributedStringPrivate.h */ = {isa = PBXFileReference; name = ZAttributedStringPrivate.h; path = libs/FontLabel/ZAttributedStringPrivate.h; sourceTree = "<group>"; };
		8C479A251380E5A300B04E27 /* ZFont.h */ = {isa = PBXFileReference; name = ZFont.h; path = libs/FontLabel/ZFont.h; sourceTree = "<group>"; };
		8C479A261380E5A300B04E27 /* ZFont.m */ = {isa = PBXFileReference; lastKnownFileType = sourcecode.c.objc; name = ZFont.m; path = libs/FontLabel/ZFont.m; sourceTree = "<group>"; };
		8C479A281380E5A300B04E27 /* LICENSE_FontLabel.txt */ = {isa = PBXFileReference; name = LICENSE_FontLabel.txt; path = libs/LICENSE_FontLabel.txt; sourceTree = "<group>"; };
		8C479A2A1380E5A300B04E27 /* Prefix.pch */ = {isa = PBXFileReference; path = Prefix.pch; sourceTree = "<group>"; };
		8C479A2B1380E5A300B04E27 /* main.m */ = {isa = PBXFileReference; lastKnownFileType = sourcecode.c.objc; path = main.m; sourceTree = "<group>"; };
		8C479A2D1380E5A300B04E27 /* AppDelegate.h */ = {isa = PBXFileReference; path = AppDelegate.h; sourceTree = "<group>"; };
		8C479A2E1380E5A300B04E27 /* AppDelegate.m */ = {isa = PBXFileReference; lastKnownFileType = sourcecode.c.objc; path = AppDelegate.m; sourceTree = "<group>"; };
		8C479A301380E5A300B04E27 /* RootViewController.h */ = {isa = PBXFileReference; path = RootViewController.h; sourceTree = "<group>"; };
		8C479A311380E5A300B04E27 /* RootViewController.m */ = {isa = PBXFileReference; lastKnownFileType = sourcecode.c.objc; path = RootViewController.m; sourceTree = "<group>"; };
		8C479A331380E5A300B04E27 /* HelloWorldLayer.h */ = {isa = PBXFileReference; path = HelloWorldLayer.h; sourceTree = "<group>"; };
		8C479A341380E5A300B04E27 /* HelloWorldLayer.m */ = {isa = PBXFileReference; lastKnownFileType = sourcecode.c.objc; path = HelloWorldLayer.m; sourceTree = "<group>"; };
		8C479A361380E5A300B04E27 /* GameConfig.h */ = {isa = PBXFileReference; path = GameConfig.h; sourceTree = "<group>"; };
/* End PBXFileReference section */

/* Begin PBXFrameworksBuildPhase section */
		8C4798C41380E5A000B04E27 /* Frameworks */ = {
			isa = PBXFrameworksBuildPhase;
			buildActionMask = 2147483647;
			files = (
				8C4798CC1380E5A000B04E27 /* QuartzCore.framework in Frameworks */,
				8C4798CE1380E5A000B04E27 /* OpenGLES.framework in Frameworks */,
				8C4798D01380E5A000B04E27 /* OpenAL.framework in Frameworks */,
				8C4798D21380E5A000B04E27 /* AudioToolbox.framework in Frameworks */,
				8C4798D41380E5A000B04E27 /* AVFoundation.framework in Frameworks */,
				8C4798D61380E5A000B04E27 /* UIKit.framework in Frameworks */,
				8C4798D81380E5A000B04E27 /* Foundation.framework in Frameworks */,
				8C4798DA1380E5A000B04E27 /* CoreGraphics.framework in Frameworks */,
			);
			runOnlyForDeploymentPostprocessing = 0;
		};
/* End PBXFrameworksBuildPhase section */

/* Begin PBXGroup section */
		8C4798BC1380E59F00B04E27 = {
			isa = PBXGroup;
			children = (
				8C4798DB1380E5A000B04E27 /* CocosDD */,
				8C4798CA1380E5A000B04E27 /* Frameworks */,
				8C4798C81380E5A000B04E27 /* Products */,
			);
			sourceTree = "<group>";
		};
		8C4798C81380E5A000B04E27 /* Products */ = {
			isa = PBXGroup;
			children = (
				8C4798C71380E5A000B04E27 /* CocosDD.app */,
			);
			name = Products;
			sourceTree = "<group>";
		};
		8C4798CA1380E5A000B04E27 /* Frameworks */ = {
			isa = PBXGroup;
			children = (
				8C4798CB1380E5A000B04E27 /* QuartzCore.framework */,
				8C4798CD1380E5A000B04E27 /* OpenGLES.framework */,
				8C4798CF1380E5A000B04E27 /* OpenAL.framework */,
				8C4798D11380E5A000B04E27 /* AudioToolbox.framework */,
				8C4798D31380E5A000B04E27 /* AVFoundation.framework */,
				8C4798D51380E5A000B04E27 /* UIKit.framework */,
				8C4798D71380E5A000B04E27 /* Foundation.framework */,
				8C4798D91380E5A000B04E27 /* CoreGraphics.framework */,
			);
			name = Frameworks;
			sourceTree = "<group>";
		};
		8C4798DB1380E5A000B04E27 /* CocosDD */ = {
			isa = PBXGroup;
			children = (
				8C479A2D1380E5A300B04E27 /* AppDelegate.h */,
				8C479A2E1380E5A300B04E27 /* AppDelegate.m */,
				8C479A301380E5A300B04E27 /* RootViewController.h */,
				8C479A311380E5A300B04E27 /* RootViewController.m */,
				8C479A331380E5A300B04E27 /* HelloWorldLayer.h */,
				8C479A341380E5A300B04E27 /* HelloWorldLayer.m */,
				8C479A361380E5A300B04E27 /* GameConfig.h */,
				8C4798DC1380E5A000B04E27 /* Resources */,
				8C4798F01380E5A100B04E27 /* libs */,
				8C479A291380E5A300B04E27 /* Supporting Files */,
			);
			path = CocosDD;
			sourceTree = "<group>";
		};
		8C4798DC1380E5A000B04E27 /* Resources */ = {
			isa = PBXGroup;
			children = (
				8C4798DD1380E5A000B04E27 /* Default.png */,
				8C4798DF1380E5A000B04E27 /* fps_images.png */,
				8C4798E11380E5A000B04E27 /* Icon-72.png */,
				8C4798E31380E5A100B04E27 /* Icon-Small-50.png */,
				8C4798E51380E5A100B04E27 /* Icon-Small.png */,
				8C4798E71380E5A100B04E27 /* Icon-Small@2x.png */,
				8C4798E91380E5A100B04E27 /* Icon.png */,
				8C4798EB1380E5A100B04E27 /* Icon@2x.png */,
				8C4798ED1380E5A100B04E27 /* Info.plist */,
				8C4798EE1380E5A100B04E27 /* iTunesArtwork */,
			);
			name = Resources;
			sourceTree = "<group>";
		};
		8C4798F01380E5A100B04E27 /* libs */ = {
			isa = PBXGroup;
			children = (
				8C4799E61380E5A300B04E27 /* LICENSE_cocos2d.txt */,
				8C4799F51380E5A300B04E27 /* LICENSE_CocosDenshion.txt */,
				8C479A001380E5A300B04E27 /* LICENSE_TouchJSON.txt */,
				8C479A281380E5A300B04E27 /* LICENSE_FontLabel.txt */,
				8C4798F11380E5A100B04E27 /* cocos2d */,
				8C4799E71380E5A300B04E27 /* CocosDenshion */,
				8C4799F61380E5A300B04E27 /* cocoslive */,
				8C479A011380E5A300B04E27 /* TouchJSON */,
				8C479A171380E5A300B04E27 /* FontLabel */,
			);
			name = libs;
			sourceTree = "<group>";
		};
		8C4798F11380E5A100B04E27 /* cocos2d */ = {
			isa = PBXGroup;
			children = (
				8C4798F21380E5A100B04E27 /* CCAction.h */,
				8C4798F31380E5A100B04E27 /* CCAction.m */,
				8C4798F51380E5A100B04E27 /* CCActionCamera.h */,
				8C4798F61380E5A100B04E27 /* CCActionCamera.m */,
				8C4798F81380E5A100B04E27 /* CCActionEase.h */,
				8C4798F91380E5A100B04E27 /* CCActionEase.m */,
				8C4798FB1380E5A100B04E27 /* CCActionGrid.h */,
				8C4798FC1380E5A100B04E27 /* CCActionGrid.m */,
				8C4798FE1380E5A100B04E27 /* CCActionGrid3D.h */,
				8C4798FF1380E5A100B04E27 /* CCActionGrid3D.m */,
				8C4799011380E5A100B04E27 /* CCActionInstant.h */,
				8C4799021380E5A100B04E27 /* CCActionInstant.m */,
				8C4799041380E5A100B04E27 /* CCActionInterval.h */,
				8C4799051380E5A100B04E27 /* CCActionInterval.m */,
				8C4799071380E5A100B04E27 /* CCActionManager.h */,
				8C4799081380E5A100B04E27 /* CCActionManager.m */,
				8C47990A1380E5A100B04E27 /* CCActionPageTurn3D.h */,
				8C47990B1380E5A100B04E27 /* CCActionPageTurn3D.m */,
				8C47990D1380E5A100B04E27 /* CCActionProgressTimer.h */,
				8C47990E1380E5A100B04E27 /* CCActionProgressTimer.m */,
				8C4799101380E5A100B04E27 /* CCActionTiledGrid.h */,
				8C4799111380E5A100B04E27 /* CCActionTiledGrid.m */,
				8C4799131380E5A100B04E27 /* CCActionTween.h */,
				8C4799141380E5A100B04E27 /* CCActionTween.m */,
				8C4799161380E5A100B04E27 /* CCAnimation.h */,
				8C4799171380E5A100B04E27 /* CCAnimation.m */,
				8C4799191380E5A100B04E27 /* CCAnimationCache.h */,
				8C47991A1380E5A100B04E27 /* CCAnimationCache.m */,
				8C47991C1380E5A100B04E27 /* CCAtlasNode.h */,
				8C47991D1380E5A100B04E27 /* CCAtlasNode.m */,
				8C47991F1380E5A100B04E27 /* CCBlockSupport.h */,
				8C4799201380E5A100B04E27 /* CCBlockSupport.m */,
				8C4799221380E5A100B04E27 /* CCCamera.h */,
				8C4799231380E5A100B04E27 /* CCCamera.m */,
				8C4799251380E5A100B04E27 /* ccConfig.h */,
				8C4799261380E5A100B04E27 /* CCConfiguration.h */,
				8C4799271380E5A100B04E27 /* CCConfiguration.m */,
				8C4799291380E5A100B04E27 /* CCDirector.h */,
				8C47992A1380E5A100B04E27 /* CCDirector.m */,
				8C47992C1380E5A100B04E27 /* CCDrawingPrimitives.h */,
				8C47992D1380E5A100B04E27 /* CCDrawingPrimitives.m */,
				8C47992F1380E5A100B04E27 /* CCGrabber.h */,
				8C4799301380E5A100B04E27 /* CCGrabber.m */,
				8C4799321380E5A100B04E27 /* CCGrid.h */,
				8C4799331380E5A100B04E27 /* CCGrid.m */,
				8C4799351380E5A100B04E27 /* CCLabelAtlas.h */,
				8C4799361380E5A100B04E27 /* CCLabelAtlas.m */,
				8C4799381380E5A100B04E27 /* CCLabelBMFont.h */,
				8C4799391380E5A100B04E27 /* CCLabelBMFont.m */,
				8C47993B1380E5A100B04E27 /* CCLabelTTF.h */,
				8C47993C1380E5A100B04E27 /* CCLabelTTF.m */,
				8C47993E1380E5A100B04E27 /* CCLayer.h */,
				8C47993F1380E5A100B04E27 /* CCLayer.m */,
				8C4799411380E5A100B04E27 /* ccMacros.h */,
				8C4799421380E5A100B04E27 /* CCMenu.h */,
				8C4799431380E5A100B04E27 /* CCMenu.m */,
				8C4799451380E5A100B04E27 /* CCMenuItem.h */,
				8C4799461380E5A100B04E27 /* CCMenuItem.m */,
				8C4799481380E5A100B04E27 /* CCMotionStreak.h */,
				8C4799491380E5A100B04E27 /* CCMotionStreak.m */,
				8C47994B1380E5A100B04E27 /* CCNode.h */,
				8C47994C1380E5A100B04E27 /* CCNode.m */,
				8C47994E1380E5A100B04E27 /* CCParallaxNode.h */,
				8C47994F1380E5A100B04E27 /* CCParallaxNode.m */,
				8C4799511380E5A100B04E27 /* CCParticleExamples.h */,
				8C4799521380E5A100B04E27 /* CCParticleExamples.m */,
				8C4799541380E5A100B04E27 /* CCParticleSystem.h */,
				8C4799551380E5A100B04E27 /* CCParticleSystem.m */,
				8C4799571380E5A100B04E27 /* CCParticleSystemPoint.h */,
				8C4799581380E5A100B04E27 /* CCParticleSystemPoint.m */,
				8C47995A1380E5A100B04E27 /* CCParticleSystemQuad.h */,
				8C47995B1380E5A100B04E27 /* CCParticleSystemQuad.m */,
				8C47995D1380E5A100B04E27 /* CCProgressTimer.h */,
				8C47995E1380E5A100B04E27 /* CCProgressTimer.m */,
				8C4799601380E5A100B04E27 /* CCProtocols.h */,
				8C4799611380E5A100B04E27 /* CCRenderTexture.h */,
				8C4799621380E5A100B04E27 /* CCRenderTexture.m */,
				8C4799641380E5A200B04E27 /* CCRibbon.h */,
				8C4799651380E5A200B04E27 /* CCRibbon.m */,
				8C4799671380E5A200B04E27 /* CCScene.h */,
				8C4799681380E5A200B04E27 /* CCScene.m */,
				8C47996A1380E5A200B04E27 /* CCScheduler.h */,
				8C47996B1380E5A200B04E27 /* CCScheduler.m */,
				8C47996D1380E5A200B04E27 /* CCSprite.h */,
				8C47996E1380E5A200B04E27 /* CCSprite.m */,
				8C4799701380E5A200B04E27 /* CCSpriteBatchNode.h */,
				8C4799711380E5A200B04E27 /* CCSpriteBatchNode.m */,
				8C4799731380E5A200B04E27 /* CCSpriteFrame.h */,
				8C4799741380E5A200B04E27 /* CCSpriteFrame.m */,
				8C4799761380E5A200B04E27 /* CCSpriteFrameCache.h */,
				8C4799771380E5A200B04E27 /* CCSpriteFrameCache.m */,
				8C4799791380E5A200B04E27 /* CCTexture2D.h */,
				8C47997A1380E5A200B04E27 /* CCTexture2D.m */,
				8C47997C1380E5A200B04E27 /* CCTextureAtlas.h */,
				8C47997D1380E5A200B04E27 /* CCTextureAtlas.m */,
				8C47997F1380E5A200B04E27 /* CCTextureCache.h */,
				8C4799801380E5A200B04E27 /* CCTextureCache.m */,
				8C4799821380E5A200B04E27 /* CCTexturePVR.h */,
				8C4799831380E5A200B04E27 /* CCTexturePVR.m */,
				8C4799851380E5A200B04E27 /* CCTileMapAtlas.h */,
				8C4799861380E5A200B04E27 /* CCTileMapAtlas.m */,
				8C4799881380E5A200B04E27 /* CCTMXLayer.h */,
				8C4799891380E5A200B04E27 /* CCTMXLayer.m */,
				8C47998B1380E5A200B04E27 /* CCTMXObjectGroup.h */,
				8C47998C1380E5A200B04E27 /* CCTMXObjectGroup.m */,
				8C47998E1380E5A200B04E27 /* CCTMXTiledMap.h */,
				8C47998F1380E5A200B04E27 /* CCTMXTiledMap.m */,
				8C4799911380E5A200B04E27 /* CCTMXXMLParser.h */,
				8C4799921380E5A200B04E27 /* CCTMXXMLParser.m */,
				8C4799941380E5A200B04E27 /* CCTransition.h */,
				8C4799951380E5A200B04E27 /* CCTransition.m */,
				8C4799971380E5A200B04E27 /* CCTransitionPageTurn.h */,
				8C4799981380E5A200B04E27 /* CCTransitionPageTurn.m */,
				8C47999A1380E5A200B04E27 /* CCTransitionRadial.h */,
				8C47999B1380E5A200B04E27 /* CCTransitionRadial.m */,
				8C47999D1380E5A200B04E27 /* ccTypes.h */,
				8C47999E1380E5A200B04E27 /* cocos2d.h */,
				8C47999F1380E5A200B04E27 /* cocos2d.m */,
				8C4799A11380E5A200B04E27 /* Platforms */,
				8C4799C61380E5A200B04E27 /* Support */,
			);
			name = cocos2d;
			sourceTree = "<group>";
		};
		8C4799A11380E5A200B04E27 /* Platforms */ = {
			isa = PBXGroup;
			children = (
				8C4799A21380E5A200B04E27 /* CCGL.h */,
				8C4799A31380E5A200B04E27 /* CCNS.h */,
				8C4799A41380E5A200B04E27 /* iOS */,
				8C4799B91380E5A200B04E27 /* Mac */,
			);
			name = Platforms;
			sourceTree = "<group>";
		};
		8C4799A41380E5A200B04E27 /* iOS */ = {
			isa = PBXGroup;
			children = (
				8C4799A51380E5A200B04E27 /* CCDirectorIOS.h */,
				8C4799A61380E5A200B04E27 /* CCDirectorIOS.m */,
				8C4799A81380E5A200B04E27 /* CCTouchDelegateProtocol.h */,
				8C4799A91380E5A200B04E27 /* CCTouchDispatcher.h */,
				8C4799AA1380E5A200B04E27 /* CCTouchDispatcher.m */,
				8C4799AC1380E5A200B04E27 /* CCTouchHandler.h */,
				8C4799AD1380E5A200B04E27 /* CCTouchHandler.m */,
				8C4799AF1380E5A200B04E27 /* EAGLView.h */,
				8C4799B01380E5A200B04E27 /* EAGLView.m */,
				8C4799B21380E5A200B04E27 /* ES1Renderer.h */,
				8C4799B31380E5A200B04E27 /* ES1Renderer.m */,
				8C4799B51380E5A200B04E27 /* ESRenderer.h */,
				8C4799B61380E5A200B04E27 /* glu.c */,
				8C4799B81380E5A200B04E27 /* glu.h */,
			);
			name = iOS;
			sourceTree = "<group>";
		};
		8C4799B91380E5A200B04E27 /* Mac */ = {
			isa = PBXGroup;
			children = (
				8C4799BA1380E5A200B04E27 /* CCDirectorMac.h */,
				8C4799BB1380E5A200B04E27 /* CCDirectorMac.m */,
				8C4799BD1380E5A200B04E27 /* CCEventDispatcher.h */,
				8C4799BE1380E5A200B04E27 /* CCEventDispatcher.m */,
				8C4799C01380E5A200B04E27 /* MacGLView.h */,
				8C4799C11380E5A200B04E27 /* MacGLView.m */,
				8C4799C31380E5A200B04E27 /* MacWindow.h */,
				8C4799C41380E5A200B04E27 /* MacWindow.m */,
			);
			name = Mac;
			sourceTree = "<group>";
		};
		8C4799C61380E5A200B04E27 /* Support */ = {
			isa = PBXGroup;
			children = (
				8C4799C71380E5A200B04E27 /* base64.c */,
				8C4799C91380E5A200B04E27 /* base64.h */,
				8C4799CA1380E5A200B04E27 /* CCArray.h */,
				8C4799CB1380E5A200B04E27 /* CCArray.m */,
				8C4799CD1380E5A200B04E27 /* ccCArray.h */,
				8C4799CE1380E5A200B04E27 /* CCFileUtils.h */,
				8C4799CF1380E5A200B04E27 /* CCFileUtils.m */,
				8C4799D11380E5A200B04E27 /* CCProfiling.h */,
				8C4799D21380E5A200B04E27 /* CCProfiling.m */,
				8C4799D41380E5A200B04E27 /* ccUtils.c */,
				8C4799D61380E5A200B04E27 /* ccUtils.h */,
				8C4799D71380E5A200B04E27 /* CGPointExtension.h */,
				8C4799D81380E5A200B04E27 /* CGPointExtension.m */,
				8C4799DA1380E5A200B04E27 /* OpenGL_Internal.h */,
				8C4799DB1380E5A200B04E27 /* TGAlib.h */,
				8C4799DC1380E5A200B04E27 /* TGAlib.m */,
				8C4799DE1380E5A200B04E27 /* TransformUtils.h */,
				8C4799DF1380E5A200B04E27 /* TransformUtils.m */,
				8C4799E11380E5A200B04E27 /* uthash.h */,
				8C4799E21380E5A200B04E27 /* utlist.h */,
				8C4799E31380E5A200B04E27 /* ZipUtils.h */,
				8C4799E41380E5A300B04E27 /* ZipUtils.m */,
			);
			name = Support;
			sourceTree = "<group>";
		};
		8C4799E71380E5A300B04E27 /* CocosDenshion */ = {
			isa = PBXGroup;
			children = (
				8C4799E81380E5A300B04E27 /* CDAudioManager.h */,
				8C4799E91380E5A300B04E27 /* CDAudioManager.m */,
				8C4799EB1380E5A300B04E27 /* CDConfig.h */,
				8C4799EC1380E5A300B04E27 /* CDOpenALSupport.h */,
				8C4799ED1380E5A300B04E27 /* CDOpenALSupport.m */,
				8C4799EF1380E5A300B04E27 /* CocosDenshion.h */,
				8C4799F01380E5A300B04E27 /* CocosDenshion.m */,
				8C4799F21380E5A300B04E27 /* SimpleAudioEngine.h */,
				8C4799F31380E5A300B04E27 /* SimpleAudioEngine.m */,
			);
			name = CocosDenshion;
			sourceTree = "<group>";
		};
		8C4799F61380E5A300B04E27 /* cocoslive */ = {
			isa = PBXGroup;
			children = (
				8C4799F71380E5A300B04E27 /* CLScoreServerPost.h */,
				8C4799F81380E5A300B04E27 /* CLScoreServerPost.m */,
				8C4799FA1380E5A300B04E27 /* CLScoreServerRequest.h */,
				8C4799FB1380E5A300B04E27 /* CLScoreServerRequest.m */,
				8C4799FD1380E5A300B04E27 /* cocoslive.h */,
				8C4799FE1380E5A300B04E27 /* cocoslive.m */,
			);
			name = cocoslive;
			sourceTree = "<group>";
		};
		8C479A011380E5A300B04E27 /* TouchJSON */ = {
			isa = PBXGroup;
			children = (
				8C479A021380E5A300B04E27 /* CDataScanner.h */,
				8C479A031380E5A300B04E27 /* CDataScanner.m */,
				8C479A051380E5A300B04E27 /* Extensions */,
				8C479A0C1380E5A300B04E27 /* JSON */,
			);
			name = TouchJSON;
			sourceTree = "<group>";
		};
		8C479A051380E5A300B04E27 /* Extensions */ = {
			isa = PBXGroup;
			children = (
				8C479A061380E5A300B04E27 /* CDataScanner_Extensions.h */,
				8C479A071380E5A300B04E27 /* CDataScanner_Extensions.m */,
				8C479A091380E5A300B04E27 /* NSDictionary_JSONExtensions.h */,
				8C479A0A1380E5A300B04E27 /* NSDictionary_JSONExtensions.m */,
			);
			name = Extensions;
			sourceTree = "<group>";
		};
		8C479A0C1380E5A300B04E27 /* JSON */ = {
			isa = PBXGroup;
			children = (
				8C479A0D1380E5A300B04E27 /* CJSONDeserializer.h */,
				8C479A0E1380E5A300B04E27 /* CJSONDeserializer.m */,
				8C479A101380E5A300B04E27 /* CJSONScanner.h */,
				8C479A111380E5A300B04E27 /* CJSONScanner.m */,
				8C479A131380E5A300B04E27 /* CJSONSerializer.h */,
				8C479A141380E5A300B04E27 /* CJSONSerializer.m */,
				8C479A161380E5A300B04E27 /* JSONRepresentation.h */,
			);
			name = JSON;
			sourceTree = "<group>";
		};
		8C479A171380E5A300B04E27 /* FontLabel */ = {
			isa = PBXGroup;
			children = (
				8C479A181380E5A300B04E27 /* FontLabel.h */,
				8C479A191380E5A300B04E27 /* FontLabel.m */,
				8C479A1B1380E5A300B04E27 /* FontLabelStringDrawing.h */,
				8C479A1C1380E5A300B04E27 /* FontLabelStringDrawing.m */,
				8C479A1E1380E5A300B04E27 /* FontManager.h */,
				8C479A1F1380E5A300B04E27 /* FontManager.m */,
				8C479A211380E5A300B04E27 /* ZAttributedString.h */,
				8C479A221380E5A300B04E27 /* ZAttributedString.m */,
				8C479A241380E5A300B04E27 /* ZAttributedStringPrivate.h */,
				8C479A251380E5A300B04E27 /* ZFont.h */,
				8C479A261380E5A300B04E27 /* ZFont.m */,
			);
			name = FontLabel;
			sourceTree = "<group>";
		};
		8C479A291380E5A300B04E27 /* Supporting Files */ = {
			isa = PBXGroup;
			children = (
				8C479A2A1380E5A300B04E27 /* Prefix.pch */,
				8C479A2B1380E5A300B04E27 /* main.m */,
			);
			name = "Supporting Files";
			sourceTree = "<group>";
		};
/* End PBXGroup section */

/* Begin PBXNativeTarget section */
		8C4798C61380E5A000B04E27 /* CocosDD */ = {
			isa = PBXNativeTarget;
			buildConfigurationList = 8C479A391380E5A300B04E27 /* Build configuration list for PBXNativeTarget "CocosDD" */;
			buildPhases = (
				8C4798C31380E5A000B04E27 /* Sources */,
				8C4798C41380E5A000B04E27 /* Frameworks */,
				8C4798C51380E5A000B04E27 /* Resources */,
			);
			buildRules = (
			);
			dependencies = (
			);
			name = CocosDD;
			productName = CocosDD;
			productReference = 8C4798C71380E5A000B04E27 /* CocosDD.app */;
			productType = "com.apple.product-type.application";
		};
/* End PBXNativeTarget section */

/* Begin PBXProject section */
		8C4798BE1380E59F00B04E27 /* Project object */ = {
			isa = PBXProject;
			buildConfigurationList = 8C4798C11380E59F00B04E27 /* Build configuration list for PBXProject "CocosDD" */;
			compatibilityVersion = "Xcode 3.2";
			developmentRegion = English;
			hasScannedForEncodings = 0;
			knownRegions = (
				en,
			);
			mainGroup = 8C4798BC1380E59F00B04E27;
			productRefGroup = 8C4798C81380E5A000B04E27 /* Products */;
			projectDirPath = "";
			projectRoot = "";
			targets = (
				8C4798C61380E5A000B04E27 /* CocosDD */,
			);
		};
/* End PBXProject section */

/* Begin PBXResourcesBuildPhase section */
		8C4798C51380E5A000B04E27 /* Resources */ = {
			isa = PBXResourcesBuildPhase;
			buildActionMask = 2147483647;
			files = (
				8C4798DE1380E5A000B04E27 /* Default.png in Resources */,
				8C4798E01380E5A000B04E27 /* fps_images.png in Resources */,
				8C4798E21380E5A000B04E27 /* Icon-72.png in Resources */,
				8C4798E41380E5A100B04E27 /* Icon-Small-50.png in Resources */,
				8C4798E61380E5A100B04E27 /* Icon-Small.png in Resources */,
				8C4798E81380E5A100B04E27 /* Icon-Small@2x.png in Resources */,
				8C4798EA1380E5A100B04E27 /* Icon.png in Resources */,
				8C4798EC1380E5A100B04E27 /* Icon@2x.png in Resources */,
				8C4798EF1380E5A100B04E27 /* iTunesArtwork in Resources */,
			);
			runOnlyForDeploymentPostprocessing = 0;
		};
/* End PBXResourcesBuildPhase section */

/* Begin PBXSourcesBuildPhase section */
		8C4798C31380E5A000B04E27 /* Sources */ = {
			isa = PBXSourcesBuildPhase;
			buildActionMask = 2147483647;
			files = (
				8C4798F41380E5A100B04E27 /* CCAction.m in Sources */,
				8C4798F71380E5A100B04E27 /* CCActionCamera.m in Sources */,
				8C4798FA1380E5A100B04E27 /* CCActionEase.m in Sources */,
				8C4798FD1380E5A100B04E27 /* CCActionGrid.m in Sources */,
				8C4799001380E5A100B04E27 /* CCActionGrid3D.m in Sources */,
				8C4799031380E5A100B04E27 /* CCActionInstant.m in Sources */,
				8C4799061380E5A100B04E27 /* CCActionInterval.m in Sources */,
				8C4799091380E5A100B04E27 /* CCActionManager.m in Sources */,
				8C47990C1380E5A100B04E27 /* CCActionPageTurn3D.m in Sources */,
				8C47990F1380E5A100B04E27 /* CCActionProgressTimer.m in Sources */,
				8C4799121380E5A100B04E27 /* CCActionTiledGrid.m in Sources */,
				8C4799151380E5A100B04E27 /* CCActionTween.m in Sources */,
				8C4799181380E5A100B04E27 /* CCAnimation.m in Sources */,
				8C47991B1380E5A100B04E27 /* CCAnimationCache.m in Sources */,
				8C47991E1380E5A100B04E27 /* CCAtlasNode.m in Sources */,
				8C4799211380E5A100B04E27 /* CCBlockSupport.m in Sources */,
				8C4799241380E5A100B04E27 /* CCCamera.m in Sources */,
				8C4799281380E5A100B04E27 /* CCConfiguration.m in Sources */,
				8C47992B1380E5A100B04E27 /* CCDirector.m in Sources */,
				8C47992E1380E5A100B04E27 /* CCDrawingPrimitives.m in Sources */,
				8C4799311380E5A100B04E27 /* CCGrabber.m in Sources */,
				8C4799341380E5A100B04E27 /* CCGrid.m in Sources */,
				8C4799371380E5A100B04E27 /* CCLabelAtlas.m in Sources */,
				8C47993A1380E5A100B04E27 /* CCLabelBMFont.m in Sources */,
				8C47993D1380E5A100B04E27 /* CCLabelTTF.m in Sources */,
				8C4799401380E5A100B04E27 /* CCLayer.m in Sources */,
				8C4799441380E5A100B04E27 /* CCMenu.m in Sources */,
				8C4799471380E5A100B04E27 /* CCMenuItem.m in Sources */,
				8C47994A1380E5A100B04E27 /* CCMotionStreak.m in Sources */,
				8C47994D1380E5A100B04E27 /* CCNode.m in Sources */,
				8C4799501380E5A100B04E27 /* CCParallaxNode.m in Sources */,
				8C4799531380E5A100B04E27 /* CCParticleExamples.m in Sources */,
				8C4799561380E5A100B04E27 /* CCParticleSystem.m in Sources */,
				8C4799591380E5A100B04E27 /* CCParticleSystemPoint.m in Sources */,
				8C47995C1380E5A100B04E27 /* CCParticleSystemQuad.m in Sources */,
				8C47995F1380E5A100B04E27 /* CCProgressTimer.m in Sources */,
				8C4799631380E5A100B04E27 /* CCRenderTexture.m in Sources */,
				8C4799661380E5A200B04E27 /* CCRibbon.m in Sources */,
				8C4799691380E5A200B04E27 /* CCScene.m in Sources */,
				8C47996C1380E5A200B04E27 /* CCScheduler.m in Sources */,
				8C47996F1380E5A200B04E27 /* CCSprite.m in Sources */,
				8C4799721380E5A200B04E27 /* CCSpriteBatchNode.m in Sources */,
				8C4799751380E5A200B04E27 /* CCSpriteFrame.m in Sources */,
				8C4799781380E5A200B04E27 /* CCSpriteFrameCache.m in Sources */,
				8C47997B1380E5A200B04E27 /* CCTexture2D.m in Sources */,
				8C47997E1380E5A200B04E27 /* CCTextureAtlas.m in Sources */,
				8C4799811380E5A200B04E27 /* CCTextureCache.m in Sources */,
				8C4799841380E5A200B04E27 /* CCTexturePVR.m in Sources */,
				8C4799871380E5A200B04E27 /* CCTileMapAtlas.m in Sources */,
				8C47998A1380E5A200B04E27 /* CCTMXLayer.m in Sources */,
				8C47998D1380E5A200B04E27 /* CCTMXObjectGroup.m in Sources */,
				8C4799901380E5A200B04E27 /* CCTMXTiledMap.m in Sources */,
				8C4799931380E5A200B04E27 /* CCTMXXMLParser.m in Sources */,
				8C4799961380E5A200B04E27 /* CCTransition.m in Sources */,
				8C4799991380E5A200B04E27 /* CCTransitionPageTurn.m in Sources */,
				8C47999C1380E5A200B04E27 /* CCTransitionRadial.m in Sources */,
				8C4799A01380E5A200B04E27 /* cocos2d.m in Sources */,
				8C4799A71380E5A200B04E27 /* CCDirectorIOS.m in Sources */,
				8C4799AB1380E5A200B04E27 /* CCTouchDispatcher.m in Sources */,
				8C4799AE1380E5A200B04E27 /* CCTouchHandler.m in Sources */,
				8C4799B11380E5A200B04E27 /* EAGLView.m in Sources */,
				8C4799B41380E5A200B04E27 /* ES1Renderer.m in Sources */,
				8C4799B71380E5A200B04E27 /* glu.c in Sources */,
				8C4799BC1380E5A200B04E27 /* CCDirectorMac.m in Sources */,
				8C4799BF1380E5A200B04E27 /* CCEventDispatcher.m in Sources */,
				8C4799C21380E5A200B04E27 /* MacGLView.m in Sources */,
				8C4799C51380E5A200B04E27 /* MacWindow.m in Sources */,
				8C4799C81380E5A200B04E27 /* base64.c in Sources */,
				8C4799CC1380E5A200B04E27 /* CCArray.m in Sources */,
				8C4799D01380E5A200B04E27 /* CCFileUtils.m in Sources */,
				8C4799D31380E5A200B04E27 /* CCProfiling.m in Sources */,
				8C4799D51380E5A200B04E27 /* ccUtils.c in Sources */,
				8C4799D91380E5A200B04E27 /* CGPointExtension.m in Sources */,
				8C4799DD1380E5A200B04E27 /* TGAlib.m in Sources */,
				8C4799E01380E5A200B04E27 /* TransformUtils.m in Sources */,
				8C4799E51380E5A300B04E27 /* ZipUtils.m in Sources */,
				8C4799EA1380E5A300B04E27 /* CDAudioManager.m in Sources */,
				8C4799EE1380E5A300B04E27 /* CDOpenALSupport.m in Sources */,
				8C4799F11380E5A300B04E27 /* CocosDenshion.m in Sources */,
				8C4799F41380E5A300B04E27 /* SimpleAudioEngine.m in Sources */,
				8C4799F91380E5A300B04E27 /* CLScoreServerPost.m in Sources */,
				8C4799FC1380E5A300B04E27 /* CLScoreServerRequest.m in Sources */,
				8C4799FF1380E5A300B04E27 /* cocoslive.m in Sources */,
				8C479A041380E5A300B04E27 /* CDataScanner.m in Sources */,
				8C479A081380E5A300B04E27 /* CDataScanner_Extensions.m in Sources */,
				8C479A0B1380E5A300B04E27 /* NSDictionary_JSONExtensions.m in Sources */,
				8C479A0F1380E5A300B04E27 /* CJSONDeserializer.m in Sources */,
				8C479A121380E5A300B04E27 /* CJSONScanner.m in Sources */,
				8C479A151380E5A300B04E27 /* CJSONSerializer.m in Sources */,
				8C479A1A1380E5A300B04E27 /* FontLabel.m in Sources */,
				8C479A1D1380E5A300B04E27 /* FontLabelStringDrawing.m in Sources */,
				8C479A201380E5A300B04E27 /* FontManager.m in Sources */,
				8C479A231380E5A300B04E27 /* ZAttributedString.m in Sources */,
				8C479A271380E5A300B04E27 /* ZFont.m in Sources */,
				8C479A2C1380E5A300B04E27 /* main.m in Sources */,
				8C479A2F1380E5A300B04E27 /* AppDelegate.m in Sources */,
				8C479A321380E5A300B04E27 /* RootViewController.m in Sources */,
				8C479A351380E5A300B04E27 /* HelloWorldLayer.m in Sources */,
			);
			runOnlyForDeploymentPostprocessing = 0;
		};
/* End PBXSourcesBuildPhase section */

/* Begin XCBuildConfiguration section */
		8C479A371380E5A300B04E27 /* Debug */ = {
			isa = XCBuildConfiguration;
			buildSettings = {
				ARCHS = "$(ARCHS_STANDARD_32_BIT)";
				"CODE_SIGN_IDENTITY[sdk=iphoneos*]" = "iPhone Developer";
				GCC_C_LANGUAGE_STANDARD = gnu99;
				GCC_OPTIMIZATION_LEVEL = 0;
				GCC_PREPROCESSOR_DEFINITIONS = (
					DEBUG,
					"COCOS2D_DEBUG=1",
				);
				GCC_SYMBOLS_PRIVATE_EXTERN = NO;
				GCC_VERSION = com.apple.compilers.llvmgcc42;
				GCC_WARN_ABOUT_RETURN_TYPE = YES;
				GCC_WARN_UNUSED_VARIABLE = YES;
				IPHONEOS_DEPLOYMENT_TARGET = 4.3;
				SDKROOT = iphoneos;
			};
			name = Debug;
		};
		8C479A381380E5A300B04E27 /* Release */ = {
			isa = XCBuildConfiguration;
			buildSettings = {
				ARCHS = "$(ARCHS_STANDARD_32_BIT)";
				"CODE_SIGN_IDENTITY[sdk=iphoneos*]" = "iPhone Developer";
				GCC_C_LANGUAGE_STANDARD = gnu99;
				GCC_PREPROCESSOR_DEFINITIONS = NDEBUG;
				GCC_VERSION = com.apple.compilers.llvmgcc42;
				GCC_WARN_ABOUT_RETURN_TYPE = YES;
				GCC_WARN_UNUSED_VARIABLE = YES;
				IPHONEOS_DEPLOYMENT_TARGET = 4.3;
				OTHER_CFLAGS = "-DNS_BLOCK_ASSERTIONS=1";
				SDKROOT = iphoneos;
			};
			name = Release;
		};
		8C479A3A1380E5A300B04E27 /* Debug */ = {
			isa = XCBuildConfiguration;
			buildSettings = {
				ALWAYS_SEARCH_USER_PATHS = NO;
				COPY_PHASE_STRIP = NO;
				GCC_DYNAMIC_NO_PIC = NO;
				GCC_PRECOMPILE_PREFIX_HEADER = YES;
				GCC_PREFIX_HEADER = CocosDD/Prefix.pch;
				"GCC_THUMB_SUPPORT[arch=armv6]" = "";
				INFOPLIST_FILE = CocosDD/Resources/Info.plist;
				OTHER_LDFLAGS = "-lz";
				PRODUCT_NAME = "$(TARGET_NAME)";
				WRAPPER_EXTENSION = app;
			};
			name = Debug;
		};
		8C479A3B1380E5A300B04E27 /* Release */ = {
			isa = XCBuildConfiguration;
			buildSettings = {
				ALWAYS_SEARCH_USER_PATHS = NO;
				COPY_PHASE_STRIP = YES;
				GCC_PRECOMPILE_PREFIX_HEADER = YES;
				GCC_PREFIX_HEADER = CocosDD/Prefix.pch;
				"GCC_THUMB_SUPPORT[arch=armv6]" = "";
				INFOPLIST_FILE = CocosDD/Resources/Info.plist;
				OTHER_LDFLAGS = "-lz";
				PRODUCT_NAME = "$(TARGET_NAME)";
				VALIDATE_PRODUCT = YES;
				WRAPPER_EXTENSION = app;
			};
			name = Release;
		};
/* End XCBuildConfiguration section */

/* Begin XCConfigurationList section */
		8C4798C11380E59F00B04E27 /* Build configuration list for PBXProject "CocosDD" */ = {
			isa = XCConfigurationList;
			buildConfigurations = (
				8C479A371380E5A300B04E27 /* Debug */,
				8C479A381380E5A300B04E27 /* Release */,
			);
			defaultConfigurationIsVisible = 0;
			defaultConfigurationName = Release;
		};
		8C479A391380E5A300B04E27 /* Build configuration list for PBXNativeTarget "CocosDD" */ = {
			isa = XCConfigurationList;
			buildConfigurations = (
				8C479A3A1380E5A300B04E27 /* Debug */,
				8C479A3B1380E5A300B04E27 /* Release */,
			);
			defaultConfigurationIsVisible = 0;
		};
/* End XCConfigurationList section */
	};
	rootObject = 8C4798BE1380E59F00B04E27 /* Project object */;
}
